{
	"name": "xadmin-i18n",
	"version": "1.0.18",
	"lockfileVersion": 1,
	"requires": true,
	"dependencies": {
		"@babel/runtime": {
			"version": "7.3.4",
			"resolved": "http://registry.npm.taobao.org/@babel/runtime/download/@babel/runtime-7.3.4.tgz",
			"integrity": "sha1-c9ErqBnjZfz3/RUq7VbW35fSHIM=",
			"requires": {
				"regenerator-runtime": "^0.12.0"
			}
		},
		"i18next": {
			"version": "15.0.6",
			"resolved": "http://registry.npm.taobao.org/i18next/download/i18next-15.0.6.tgz",
			"integrity": "sha1-K60isYAEPc5OvIl2Owe3UqU3lnU=",
			"requires": {
				"@babel/runtime": "^7.3.1"
			}
		},
		"i18next-browser-languagedetector": {
			"version": "3.0.1",
			"resolved": "http://registry.npm.taobao.org/i18next-browser-languagedetector/download/i18next-browser-languagedetector-3.0.1.tgz",
			"integrity": "sha1-pHxDF26EEskegIr7fG61NnZJqo4="
		},
		"i18next-localstorage-cache": {
			"version": "1.1.1",
			"resolved": "http://registry.npm.taobao.org/i18next-localstorage-cache/download/i18next-localstorage-cache-1.1.1.tgz",
			"integrity": "sha1-V1JWzDXoyy2IFI91R2b90tJLsbc="
		},
		"i18next-xhr-backend": {
			"version": "2.0.1",
			"resolved": "http://registry.npm.taobao.org/i18next-xhr-backend/download/i18next-xhr-backend-2.0.1.tgz",
			"integrity": "sha1-evc17hsMbUzkn6V1ZZEECg+6bbc="
		},
		"lodash": {
			"version": "4.17.11",
			"resolved": "http://registry.npm.taobao.org/lodash/download/lodash-4.17.11.tgz",
			"integrity": "sha1-s56mIp72B+zYniyN8SU2iRysm40="
		},
		"regenerator-runtime": {
			"version": "0.12.1",
			"resolved": "http://registry.npm.taobao.org/regenerator-runtime/download/regenerator-runtime-0.12.1.tgz",
			"integrity": "sha1-+hpxVEdkwDb4xJsToIsllMn4oN4="
		}
	}
}
