{
	"requires": true,
	"lockfileVersion": 1,
	"dependencies": {
		"i18next": {
			"version": "4.2.0",
			"resolved": "https://registry.npmjs.org/i18next/-/i18next-4.2.0.tgz",
			"integrity": "sha1-4MvupjjI3YrcFBN1d8QP/wB1aWM="
		},
		"i18next-browser-languagedetector": {
			"version": "1.0.1",
			"resolved": "https://registry.npmjs.org/i18next-browser-languagedetector/-/i18next-browser-languagedetector-1.0.1.tgz",
			"integrity": "sha1-c+Q6pG/ByQnKxheLnRuAPQJhD6o="
		},
		"i18next-localstorage-cache": {
			"version": "0.3.0",
			"resolved": "https://registry.npmjs.org/i18next-localstorage-cache/-/i18next-localstorage-cache-0.3.0.tgz",
			"integrity": "sha1-EkzItikRYOK9RBJ/82GHkAAxQ4U="
		},
		"i18next-xhr-backend": {
			"version": "1.5.1",
			"resolved": "https://registry.npmjs.org/i18next-xhr-backend/-/i18next-xhr-backend-1.5.1.tgz",
			"integrity": "sha512-9OLdC/9YxDvTFcgsH5t2BHCODHEotHCa6h7Ly0EUlUC7Y2GS09UeoHOGj3gWKQ3HCqXz8NlH4gOrK3NNc9vPuw=="
		},
		"lodash": {
			"version": "4.17.4",
			"resolved": "https://registry.npmjs.org/lodash/-/lodash-4.17.4.tgz",
			"integrity": "sha1-eCA6TRwyiuHYbcpkYONptX9AVa4="
		},
		"moment": {
			"version": "2.20.1",
			"resolved": "https://registry.npmjs.org/moment/-/moment-2.20.1.tgz",
			"integrity": "sha512-Yh9y73JRljxW5QxN08Fner68eFLxM5ynNOAw2LbIB1YAGeQzZT8QFSUvkAz609Zf+IHhhaUxqZK8dG3W/+HEvg=="
		}
	}
}
