{
	"requires": true,
	"lockfileVersion": 1,
	"dependencies": {
		"asap": {
			"version": "2.0.6",
			"resolved": "https://registry.npmjs.org/asap/-/asap-2.0.6.tgz",
			"integrity": "sha1-5QNHYR1+aQlDIIu9r+vLwvuGbUY="
		},
		"brcast": {
			"version": "3.0.1",
			"resolved": "https://registry.npmjs.org/brcast/-/brcast-3.0.1.tgz",
			"integrity": "sha512-eI3yqf9YEqyGl9PCNTR46MGvDylGtaHjalcz6Q3fAPnP/PhpKkkve52vFdfGpwp4VUvK6LUr4TQN+2stCrEwTg=="
		},
		"chain-function": {
			"version": "1.0.0",
			"resolved": "https://registry.npmjs.org/chain-function/-/chain-function-1.0.0.tgz",
			"integrity": "sha1-DUqzfn4Y6tC9xHuSB2QRjOWHM9w="
		},
		"classnames": {
			"version": "2.2.5",
			"resolved": "https://registry.npmjs.org/classnames/-/classnames-2.2.5.tgz",
			"integrity": "sha1-+zgB1FNGdknvNgPH1hoCvRKb3m0="
		},
		"core-js": {
			"version": "1.2.7",
			"resolved": "https://registry.npmjs.org/core-js/-/core-js-1.2.7.tgz",
			"integrity": "sha1-ZSKUwUZR2yj6k70tX/KYOk8IxjY="
		},
		"css-vendor": {
			"version": "0.3.8",
			"resolved": "https://registry.npmjs.org/css-vendor/-/css-vendor-0.3.8.tgz",
			"integrity": "sha1-ZCHP0wNM5mT+dnOXL9ARn8KJQfo=",
			"requires": {
				"is-in-browser": "1.1.3"
			}
		},
		"dom-helpers": {
			"version": "3.3.1",
			"resolved": "https://registry.npmjs.org/dom-helpers/-/dom-helpers-3.3.1.tgz",
			"integrity": "sha512-2Sm+JaYn74OiTM2wHvxJOo3roiq/h25Yi69Fqk269cNUwIXsCvATB6CRSFC9Am/20G2b28hGv/+7NiWydIrPvg=="
		},
		"encoding": {
			"version": "0.1.12",
			"resolved": "https://registry.npmjs.org/encoding/-/encoding-0.1.12.tgz",
			"integrity": "sha1-U4tm8+5izRq1HsMjgp0flIDHS+s=",
			"requires": {
				"iconv-lite": "0.4.19"
			}
		},
		"fbjs": {
			"version": "0.8.16",
			"resolved": "https://registry.npmjs.org/fbjs/-/fbjs-0.8.16.tgz",
			"integrity": "sha1-XmdDL1UNxBtXK/VYR7ispk5TN9s=",
			"requires": {
				"core-js": "1.2.7",
				"isomorphic-fetch": "2.2.1",
				"loose-envify": "1.3.1",
				"object-assign": "4.1.1",
				"promise": "7.3.1",
				"setimmediate": "1.0.5",
				"ua-parser-js": "0.7.17"
			}
		},
		"hoist-non-react-statics": {
			"version": "1.2.0",
			"resolved": "https://registry.npmjs.org/hoist-non-react-statics/-/hoist-non-react-statics-1.2.0.tgz",
			"integrity": "sha1-qkSM8JhtVcxAdzsXF0t90GbLfPs="
		},
		"iconv-lite": {
			"version": "0.4.19",
			"resolved": "https://registry.npmjs.org/iconv-lite/-/iconv-lite-0.4.19.tgz",
			"integrity": "sha512-oTZqweIP51xaGPI4uPa56/Pri/480R+mo7SeU+YETByQNhDG55ycFyNLIgta9vXhILrxXDmF7ZGhqZIcuN0gJQ=="
		},
		"is-function": {
			"version": "1.0.1",
			"resolved": "https://registry.npmjs.org/is-function/-/is-function-1.0.1.tgz",
			"integrity": "sha1-Es+5i2W1fdPRk6MSH19uL0N2ArU="
		},
		"is-in-browser": {
			"version": "1.1.3",
			"resolved": "https://registry.npmjs.org/is-in-browser/-/is-in-browser-1.1.3.tgz",
			"integrity": "sha1-Vv9NtoOgeMYILrldrX3GLh0E+DU="
		},
		"is-plain-object": {
			"version": "2.0.4",
			"resolved": "https://registry.npmjs.org/is-plain-object/-/is-plain-object-2.0.4.tgz",
			"integrity": "sha512-h5PpgXkWitc38BBMYawTYMWJHFZJVnBquFE57xFpjB8pJFiF6gZ+bU+WyI/yqXiFR5mdLsgYNaPe8uao6Uv9Og==",
			"requires": {
				"isobject": "3.0.1"
			}
		},
		"is-stream": {
			"version": "1.1.0",
			"resolved": "https://registry.npmjs.org/is-stream/-/is-stream-1.1.0.tgz",
			"integrity": "sha1-EtSj3U5o4Lec6428hBc66A2RykQ="
		},
		"isobject": {
			"version": "3.0.1",
			"resolved": "https://registry.npmjs.org/isobject/-/isobject-3.0.1.tgz",
			"integrity": "sha1-TkMekrEalzFjaqH5yNHMvP2reN8="
		},
		"isomorphic-fetch": {
			"version": "2.2.1",
			"resolved": "https://registry.npmjs.org/isomorphic-fetch/-/isomorphic-fetch-2.2.1.tgz",
			"integrity": "sha1-YRrhrPFPXoH3KVB0coGf6XM1WKk=",
			"requires": {
				"node-fetch": "1.7.3",
				"whatwg-fetch": "2.0.3"
			}
		},
		"js-tokens": {
			"version": "3.0.2",
			"resolved": "https://registry.npmjs.org/js-tokens/-/js-tokens-3.0.2.tgz",
			"integrity": "sha1-mGbfOVECEw449/mWvOtlRDIJwls="
		},
		"jss": {
			"version": "8.1.0",
			"resolved": "https://registry.npmjs.org/jss/-/jss-8.1.0.tgz",
			"integrity": "sha512-NZ4CNAoPaPlM2rqHxPG5uGQbQEFZ9n1PITn0+wGIdAk2ZtA/F6el0SphLHf8So1Sx6N34hnVFFIuc32/hdsEzw==",
			"requires": {
				"is-in-browser": "1.1.3",
				"warning": "3.0.0"
			}
		},
		"jss-camel-case": {
			"version": "5.0.0",
			"resolved": "https://registry.npmjs.org/jss-camel-case/-/jss-camel-case-5.0.0.tgz",
			"integrity": "sha512-vz11ip5EIlGuevtlUo9xIgiuD+it4Ebbb0+Y4o0A4oA8eOWY4aY7ihi/L7WvkQ54xnGOjUvLZ6nm2VYch2ufYg=="
		},
		"jss-compose": {
			"version": "4.0.0",
			"resolved": "https://registry.npmjs.org/jss-compose/-/jss-compose-4.0.0.tgz",
			"integrity": "sha512-VnsEziD2Lwrfwp10wx39FNybRLW5+RX/E2qQAXPAMbS+nHc0Jf2dC6ZiCfn5FaBGrpzLfIZ9MalTJDx4CQoMAQ==",
			"requires": {
				"warning": "3.0.0"
			}
		},
		"jss-default-unit": {
			"version": "7.0.0",
			"resolved": "https://registry.npmjs.org/jss-default-unit/-/jss-default-unit-7.0.0.tgz",
			"integrity": "sha512-U1Oi1h45vFRuISr+g1DQ3Oua7CkNKNs47fTdiT/lHkuBMc6BBDUbPv9IbPPhk9gsEaX45Iy9TX8CAuaHLPCfEA=="
		},
		"jss-expand": {
			"version": "4.0.1",
			"resolved": "https://registry.npmjs.org/jss-expand/-/jss-expand-4.0.1.tgz",
			"integrity": "sha512-LRIMXXChAOgnhwSqYLJg8MS6dI98bf/sg52pAg04pbjOAtjfzyS0JTnQAiyk3PxqR3nKFR/Yv44ahpIpkdcxVA=="
		},
		"jss-extend": {
			"version": "5.0.0",
			"resolved": "https://registry.npmjs.org/jss-extend/-/jss-extend-5.0.0.tgz",
			"integrity": "sha512-fUp+9KipbdmzSfTxNHoT3mrFnE7fYn7EyHg3LTUexfpWrwj5Afkwb3iCfYV7GYCpg9OKDsqc18atwjHvSPWWKg==",
			"requires": {
				"warning": "3.0.0"
			}
		},
		"jss-global": {
			"version": "2.0.0",
			"resolved": "https://registry.npmjs.org/jss-global/-/jss-global-2.0.0.tgz",
			"integrity": "sha512-/FSOMp4lF/vg47T/w8kKvL9tu7ka9am8N4izS63W81Qlay9hAq6xe9RxrPxygLpnn4KEb8LNbkKRoUv4SJfQsQ=="
		},
		"jss-nested": {
			"version": "5.0.0",
			"resolved": "https://registry.npmjs.org/jss-nested/-/jss-nested-5.0.0.tgz",
			"integrity": "sha512-9Molau+XVpSc6QEco3EC5yXmzeGMc5ZVII8+qy6jD6bvu6Y9mpfGoJ00LalR/n7xr/LC7Cxgs44UQQlLzumMBg==",
			"requires": {
				"warning": "3.0.0"
			}
		},
		"jss-preset-default": {
			"version": "3.0.0",
			"resolved": "https://registry.npmjs.org/jss-preset-default/-/jss-preset-default-3.0.0.tgz",
			"integrity": "sha512-5wRsHsV89XjnQlUVN5jQfo6gcfcirDJmsMJL52HmWoQlV9SA+jhUtt1w3LjcJHe4e3tX4u/To/x3Btmhi+LZtQ==",
			"requires": {
				"jss-camel-case": "5.0.0",
				"jss-compose": "4.0.0",
				"jss-default-unit": "7.0.0",
				"jss-expand": "4.0.1",
				"jss-extend": "5.0.0",
				"jss-global": "2.0.0",
				"jss-nested": "5.0.0",
				"jss-props-sort": "5.0.0",
				"jss-vendor-prefixer": "6.0.0"
			}
		},
		"jss-props-sort": {
			"version": "5.0.0",
			"resolved": "https://registry.npmjs.org/jss-props-sort/-/jss-props-sort-5.0.0.tgz",
			"integrity": "sha512-xtoVE7BlcPaMN/dzypHPYJn+QiphLPB1skypAOp9zLkOozPbR/x0JVAFdZnd7zqmmjvg+Ma/txjSg0HN/eZsGA=="
		},
		"jss-vendor-prefixer": {
			"version": "6.0.0",
			"resolved": "https://registry.npmjs.org/jss-vendor-prefixer/-/jss-vendor-prefixer-6.0.0.tgz",
			"integrity": "sha512-leqW7B2QLXYsUNR3jsUZP3CkuOYcWXyfF8TSJc4XNxhVCNH7ztK5dcnF8nLoMnxT0w/ajloeJKcch2ty/viCAA==",
			"requires": {
				"css-vendor": "0.3.8"
			}
		},
		"lodash": {
			"version": "4.17.4",
			"resolved": "https://registry.npmjs.org/lodash/-/lodash-4.17.4.tgz",
			"integrity": "sha1-eCA6TRwyiuHYbcpkYONptX9AVa4="
		},
		"loose-envify": {
			"version": "1.3.1",
			"resolved": "https://registry.npmjs.org/loose-envify/-/loose-envify-1.3.1.tgz",
			"integrity": "sha1-0aitM/qc4OcT1l/dCsi3SNR4yEg=",
			"requires": {
				"js-tokens": "3.0.2"
			}
		},
		"node-fetch": {
			"version": "1.7.3",
			"resolved": "https://registry.npmjs.org/node-fetch/-/node-fetch-1.7.3.tgz",
			"integrity": "sha512-NhZ4CsKx7cYm2vSrBAr2PvFOe6sWDf0UYLRqA6svUYg7+/TSfVAu49jYC4BvQ4Sms9SZgdqGBgroqfDhJdTyKQ==",
			"requires": {
				"encoding": "0.1.12",
				"is-stream": "1.1.0"
			}
		},
		"object-assign": {
			"version": "4.1.1",
			"resolved": "https://registry.npmjs.org/object-assign/-/object-assign-4.1.1.tgz",
			"integrity": "sha1-IQmtx5ZYh8/AXLvUQsrIv7s2CGM="
		},
		"promise": {
			"version": "7.3.1",
			"resolved": "https://registry.npmjs.org/promise/-/promise-7.3.1.tgz",
			"integrity": "sha512-nolQXZ/4L+bP/UGlkfaIujX9BKxGwmQ9OT4mOt5yvy8iK1h3wqTEJCijzGANTCCl9nWjY41juyAn2K3Q1hLLTg==",
			"requires": {
				"asap": "2.0.6"
			}
		},
		"prop-types": {
			"version": "15.6.0",
			"resolved": "https://registry.npmjs.org/prop-types/-/prop-types-15.6.0.tgz",
			"integrity": "sha1-zq8IMCL8RrSjX2nhPvda7Q1jmFY=",
			"requires": {
				"fbjs": "0.8.16",
				"loose-envify": "1.3.1",
				"object-assign": "4.1.1"
			}
		},
		"react-bs-notifier": {
			"version": "4.4.5",
			"resolved": "https://registry.npmjs.org/react-bs-notifier/-/react-bs-notifier-4.4.5.tgz",
			"integrity": "sha1-5e2WFFbOmsIE9tTqEDNuoq5fUAo=",
			"requires": {
				"prop-types": "15.6.0",
				"react-jss": "7.2.0",
				"react-transition-group": "2.2.1",
				"toetag": "3.3.7"
			}
		},
		"react-jss": {
			"version": "7.2.0",
			"resolved": "https://registry.npmjs.org/react-jss/-/react-jss-7.2.0.tgz",
			"integrity": "sha512-vgnNFImsjfchBloCt0BCe7MeiNEiGtTm/MGA0RVFjU/ccTt+YAlfFhSlGJ+KOC3qQ9Sl5mkl07JatGfjW2CTQQ==",
			"requires": {
				"hoist-non-react-statics": "1.2.0",
				"jss": "8.1.0",
				"jss-preset-default": "3.0.0",
				"prop-types": "15.6.0",
				"theming": "1.3.0"
			}
		},
		"react-redux-loading-bar": {
			"version": "3.1.1",
			"resolved": "https://registry.npmjs.org/react-redux-loading-bar/-/react-redux-loading-bar-3.1.1.tgz",
			"integrity": "sha512-5ubOTduRMD0KkO6m1TM+H4d2U/WMl2+GUO8Tpx6WgJJJFJKPPzxdXA4nqu5D/PyD9VqVYSd9+sJDTlQ+DSBUFQ==",
			"requires": {
				"prop-types": "15.6.0"
			}
		},
		"react-transition-group": {
			"version": "2.2.1",
			"resolved": "https://registry.npmjs.org/react-transition-group/-/react-transition-group-2.2.1.tgz",
			"integrity": "sha512-q54UBM22bs/CekG8r3+vi9TugSqh0t7qcEVycaRc9M0p0aCEu+h6rp/RFiW7fHfgd1IKpd9oILFTl5QK+FpiPA==",
			"requires": {
				"chain-function": "1.0.0",
				"classnames": "2.2.5",
				"dom-helpers": "3.3.1",
				"loose-envify": "1.3.1",
				"prop-types": "15.6.0",
				"warning": "3.0.0"
			}
		},
		"redux-saga": {
			"version": "0.16.0",
			"resolved": "https://registry.npmjs.org/redux-saga/-/redux-saga-0.16.0.tgz",
			"integrity": "sha1-CiMdsKFIkwHdmA9vL4jYztQY9yQ="
		},
		"setimmediate": {
			"version": "1.0.5",
			"resolved": "https://registry.npmjs.org/setimmediate/-/setimmediate-1.0.5.tgz",
			"integrity": "sha1-KQy7Iy4waULX1+qbg3Mqt4VvgoU="
		},
		"theming": {
			"version": "1.3.0",
			"resolved": "https://registry.npmjs.org/theming/-/theming-1.3.0.tgz",
			"integrity": "sha512-ya5Ef7XDGbTPBv5ENTwrwkPUexrlPeiAg/EI9kdlUAZhNlRbCdhMKRgjNX1IcmsmiPcqDQZE6BpSaH+cr31FKw==",
			"requires": {
				"brcast": "3.0.1",
				"is-function": "1.0.1",
				"is-plain-object": "2.0.4",
				"prop-types": "15.6.0"
			}
		},
		"toetag": {
			"version": "3.3.7",
			"resolved": "https://registry.npmjs.org/toetag/-/toetag-3.3.7.tgz",
			"integrity": "sha512-O/8mKaXwH7rZdMNqLOqEPOw8hCpiI8eknS26IR6dUVZKduQHeBFnFPDhOnuyEQMj9RH+M/3mDpNRkODF3Nz7pA=="
		},
		"ua-parser-js": {
			"version": "0.7.17",
			"resolved": "https://registry.npmjs.org/ua-parser-js/-/ua-parser-js-0.7.17.tgz",
			"integrity": "sha512-uRdSdu1oA1rncCQL7sCj8vSyZkgtL7faaw9Tc9rZ3mGgraQ7+Pdx7w5mnOSF3gw9ZNG6oc+KXfkon3bKuROm0g=="
		},
		"warning": {
			"version": "3.0.0",
			"resolved": "https://registry.npmjs.org/warning/-/warning-3.0.0.tgz",
			"integrity": "sha1-MuU3fLVy3kqwR1O9+IIcAe1gW3w=",
			"requires": {
				"loose-envify": "1.3.1"
			}
		},
		"whatwg-fetch": {
			"version": "2.0.3",
			"resolved": "https://registry.npmjs.org/whatwg-fetch/-/whatwg-fetch-2.0.3.tgz",
			"integrity": "sha1-nITsLc9oGH/wC8ZOEnS0QhduHIQ="
		}
	}
}
