{
	"requires": true,
	"lockfileVersion": 1,
	"dependencies": {
		"add-dom-event-listener": {
			"version": "1.0.2",
			"resolved": "https://registry.npmjs.org/add-dom-event-listener/-/add-dom-event-listener-1.0.2.tgz",
			"integrity": "sha1-j67SxBAIchzxEdodMNmVuFvkK+0=",
			"requires": {
				"object-assign": "4.1.1"
			}
		},
		"antd": {
			"version": "3.1.1",
			"resolved": "https://registry.npmjs.org/antd/-/antd-3.1.1.tgz",
			"integrity": "sha512-m7Xcajz/hInPuWkXW0WCCiDhAez0ZDLpHuUHaWj5hTT5n9KZ+DmB7gyRnpbBCi9yUa1U40ubGz6bpVLYT1xoGg==",
			"requires": {
				"array-tree-filter": "2.0.0",
				"babel-runtime": "6.26.0",
				"classnames": "2.2.5",
				"create-react-class": "15.6.2",
				"css-animation": "1.4.1",
				"dom-closest": "0.2.0",
				"enquire.js": "2.1.6",
				"lodash.debounce": "4.0.8",
				"moment": "2.20.1",
				"omit.js": "1.0.0",
				"prop-types": "15.6.0",
				"rc-animate": "2.4.4",
				"rc-calendar": "9.4.0",
				"rc-cascader": "0.12.1",
				"rc-checkbox": "2.1.1",
				"rc-collapse": "1.7.7",
				"rc-dialog": "7.1.0",
				"rc-dropdown": "2.1.0",
				"rc-editor-mention": "1.1.4",
				"rc-form": "2.1.7",
				"rc-input-number": "4.0.2",
				"rc-menu": "6.2.5",
				"rc-notification": "3.0.0",
				"rc-pagination": "1.14.0",
				"rc-progress": "2.2.5",
				"rc-rate": "2.4.0",
				"rc-select": "7.5.1",
				"rc-slider": "8.5.0",
				"rc-steps": "3.0.1",
				"rc-switch": "1.6.0",
				"rc-table": "6.1.2",
				"rc-tabs": "9.1.11",
				"rc-time-picker": "3.2.1",
				"rc-tooltip": "3.7.0",
				"rc-tree": "1.7.10",
				"rc-tree-select": "1.12.3",
				"rc-upload": "2.4.4",
				"rc-util": "4.3.1",
				"react-lazy-load": "3.0.13",
				"react-slick": "0.16.0",
				"shallowequal": "1.0.2",
				"warning": "3.0.0"
			}
		},
		"array-tree-filter": {
			"version": "2.0.0",
			"resolved": "https://registry.npmjs.org/array-tree-filter/-/array-tree-filter-2.0.0.tgz",
			"integrity": "sha512-K3I75fvUcUMrKGmucRGYH9xaqIQmEHfka6eSodR4l3GXnr4wNgV2GyfmIqQWIimG1+8sDkYsC3A765eGZ1XVzQ=="
		},
		"asap": {
			"version": "2.0.6",
			"resolved": "https://registry.npmjs.org/asap/-/asap-2.0.6.tgz",
			"integrity": "sha1-5QNHYR1+aQlDIIu9r+vLwvuGbUY="
		},
		"async-validator": {
			"version": "1.8.2",
			"resolved": "https://registry.npmjs.org/async-validator/-/async-validator-1.8.2.tgz",
			"integrity": "sha1-t3WXIm6WJC+NUxwNRq4pX2JCK6Q=",
			"requires": {
				"babel-runtime": "6.26.0"
			}
		},
		"babel-runtime": {
			"version": "6.26.0",
			"resolved": "https://registry.npmjs.org/babel-runtime/-/babel-runtime-6.26.0.tgz",
			"integrity": "sha1-llxwWGaOgrVde/4E/yM3vItWR/4=",
			"requires": {
				"core-js": "2.5.3",
				"regenerator-runtime": "0.11.1"
			}
		},
		"bootstrap": {
			"version": "3.3.7",
			"resolved": "https://registry.npmjs.org/bootstrap/-/bootstrap-3.3.7.tgz",
			"integrity": "sha1-WjiTlFSfIzMIdaOxUGVldPip63E="
		},
		"can-use-dom": {
			"version": "0.1.0",
			"resolved": "https://registry.npmjs.org/can-use-dom/-/can-use-dom-0.1.0.tgz",
			"integrity": "sha1-IsxKNKCrxDlQ9CxkEQJKP2NmtFo="
		},
		"classnames": {
			"version": "2.2.5",
			"resolved": "https://registry.npmjs.org/classnames/-/classnames-2.2.5.tgz",
			"integrity": "sha1-+zgB1FNGdknvNgPH1hoCvRKb3m0="
		},
		"component-classes": {
			"version": "1.2.6",
			"resolved": "https://registry.npmjs.org/component-classes/-/component-classes-1.2.6.tgz",
			"integrity": "sha1-xkI5TDYYpNiwuJGe/Mu9kw5c1pE=",
			"requires": {
				"component-indexof": "0.0.3"
			}
		},
		"component-indexof": {
			"version": "0.0.3",
			"resolved": "https://registry.npmjs.org/component-indexof/-/component-indexof-0.0.3.tgz",
			"integrity": "sha1-EdCRMSI5648yyPJa6csAL/6NPCQ="
		},
		"core-js": {
			"version": "2.5.3",
			"resolved": "https://registry.npmjs.org/core-js/-/core-js-2.5.3.tgz",
			"integrity": "sha1-isw4NFgk8W2DZbfJtCWRaOjtYD4="
		},
		"create-react-class": {
			"version": "15.6.2",
			"resolved": "https://registry.npmjs.org/create-react-class/-/create-react-class-15.6.2.tgz",
			"integrity": "sha1-zx7RXxKq1/FO9fLf4F5sQvke8Co=",
			"requires": {
				"fbjs": "0.8.16",
				"loose-envify": "1.3.1",
				"object-assign": "4.1.1"
			}
		},
		"css-animation": {
			"version": "1.4.1",
			"resolved": "https://registry.npmjs.org/css-animation/-/css-animation-1.4.1.tgz",
			"integrity": "sha1-W4gTEl3g+7uwu+G0cq6EIhRpt6g=",
			"requires": {
				"babel-runtime": "6.26.0",
				"component-classes": "1.2.6"
			}
		},
		"dom-align": {
			"version": "1.6.6",
			"resolved": "https://registry.npmjs.org/dom-align/-/dom-align-1.6.6.tgz",
			"integrity": "sha512-yBCGmhzj6SRaeAJlFUK/iMDh6bBpQE7EuChyPnrV8LQFV3vo3XghZw2lgHgj/8o9USFunVlvJ6YXfQWVdGnV8Q=="
		},
		"dom-closest": {
			"version": "0.2.0",
			"resolved": "https://registry.npmjs.org/dom-closest/-/dom-closest-0.2.0.tgz",
			"integrity": "sha1-69n5HRvyLo1vR3h2u80+yQIWwM8=",
			"requires": {
				"dom-matches": "2.0.0"
			}
		},
		"dom-matches": {
			"version": "2.0.0",
			"resolved": "https://registry.npmjs.org/dom-matches/-/dom-matches-2.0.0.tgz",
			"integrity": "sha1-0nKLQWqHUzmA6wibhI0lPPI6dYw="
		},
		"dom-scroll-into-view": {
			"version": "1.2.1",
			"resolved": "https://registry.npmjs.org/dom-scroll-into-view/-/dom-scroll-into-view-1.2.1.tgz",
			"integrity": "sha1-6PNnMt0ImwIBqI14Fdw/iObWbH4="
		},
		"draft-js": {
			"version": "0.10.4",
			"resolved": "https://registry.npmjs.org/draft-js/-/draft-js-0.10.4.tgz",
			"integrity": "sha1-FHdBZCCXyBINjtwjLpUD6Lf7jTU=",
			"requires": {
				"fbjs": "0.8.16",
				"immutable": "3.7.6",
				"object-assign": "4.1.1"
			}
		},
		"encoding": {
			"version": "0.1.12",
			"resolved": "https://registry.npmjs.org/encoding/-/encoding-0.1.12.tgz",
			"integrity": "sha1-U4tm8+5izRq1HsMjgp0flIDHS+s=",
			"requires": {
				"iconv-lite": "0.4.19"
			}
		},
		"enquire.js": {
			"version": "2.1.6",
			"resolved": "https://registry.npmjs.org/enquire.js/-/enquire.js-2.1.6.tgz",
			"integrity": "sha1-PoeAybi4NQhMP2DhZtvDwqPImBQ="
		},
		"eventlistener": {
			"version": "0.0.1",
			"resolved": "https://registry.npmjs.org/eventlistener/-/eventlistener-0.0.1.tgz",
			"integrity": "sha1-7Suqu4UiJ68rz4iRUscsY8pTLrg="
		},
		"fbjs": {
			"version": "0.8.16",
			"resolved": "https://registry.npmjs.org/fbjs/-/fbjs-0.8.16.tgz",
			"integrity": "sha1-XmdDL1UNxBtXK/VYR7ispk5TN9s=",
			"requires": {
				"core-js": "1.2.7",
				"isomorphic-fetch": "2.2.1",
				"loose-envify": "1.3.1",
				"object-assign": "4.1.1",
				"promise": "7.3.1",
				"setimmediate": "1.0.5",
				"ua-parser-js": "0.7.17"
			},
			"dependencies": {
				"core-js": {
					"version": "1.2.7",
					"resolved": "https://registry.npmjs.org/core-js/-/core-js-1.2.7.tgz",
					"integrity": "sha1-ZSKUwUZR2yj6k70tX/KYOk8IxjY="
				}
			}
		},
		"hammerjs": {
			"version": "2.0.8",
			"resolved": "https://registry.npmjs.org/hammerjs/-/hammerjs-2.0.8.tgz",
			"integrity": "sha1-BO93hiz/K7edMPdpIJWTAiK/YPE="
		},
		"hoist-non-react-statics": {
			"version": "2.3.1",
			"resolved": "https://registry.npmjs.org/hoist-non-react-statics/-/hoist-non-react-statics-2.3.1.tgz",
			"integrity": "sha1-ND24TGAYxlB3iJgkATWhQg7iLOA="
		},
		"iconv-lite": {
			"version": "0.4.19",
			"resolved": "https://registry.npmjs.org/iconv-lite/-/iconv-lite-0.4.19.tgz",
			"integrity": "sha512-oTZqweIP51xaGPI4uPa56/Pri/480R+mo7SeU+YETByQNhDG55ycFyNLIgta9vXhILrxXDmF7ZGhqZIcuN0gJQ=="
		},
		"immutable": {
			"version": "3.7.6",
			"resolved": "https://registry.npmjs.org/immutable/-/immutable-3.7.6.tgz",
			"integrity": "sha1-E7TTyxK++hVIKib+Gy665kAHHks="
		},
		"is-stream": {
			"version": "1.1.0",
			"resolved": "https://registry.npmjs.org/is-stream/-/is-stream-1.1.0.tgz",
			"integrity": "sha1-EtSj3U5o4Lec6428hBc66A2RykQ="
		},
		"isomorphic-fetch": {
			"version": "2.2.1",
			"resolved": "https://registry.npmjs.org/isomorphic-fetch/-/isomorphic-fetch-2.2.1.tgz",
			"integrity": "sha1-YRrhrPFPXoH3KVB0coGf6XM1WKk=",
			"requires": {
				"node-fetch": "1.7.3",
				"whatwg-fetch": "2.0.3"
			}
		},
		"js-tokens": {
			"version": "3.0.2",
			"resolved": "https://registry.npmjs.org/js-tokens/-/js-tokens-3.0.2.tgz",
			"integrity": "sha1-mGbfOVECEw449/mWvOtlRDIJwls="
		},
		"json2mq": {
			"version": "0.2.0",
			"resolved": "https://registry.npmjs.org/json2mq/-/json2mq-0.2.0.tgz",
			"integrity": "sha1-tje9O6nqvhIsg+lyBIOusQ0skEo=",
			"requires": {
				"string-convert": "0.2.1"
			}
		},
		"lodash": {
			"version": "4.17.4",
			"resolved": "https://registry.npmjs.org/lodash/-/lodash-4.17.4.tgz",
			"integrity": "sha1-eCA6TRwyiuHYbcpkYONptX9AVa4="
		},
		"lodash._getnative": {
			"version": "3.9.1",
			"resolved": "https://registry.npmjs.org/lodash._getnative/-/lodash._getnative-3.9.1.tgz",
			"integrity": "sha1-VwvH3t5G1hzc3mh9ZdPuy6o6r/U="
		},
		"lodash.debounce": {
			"version": "4.0.8",
			"resolved": "https://registry.npmjs.org/lodash.debounce/-/lodash.debounce-4.0.8.tgz",
			"integrity": "sha1-gteb/zCmfEAF/9XiUVMArZyk168="
		},
		"lodash.get": {
			"version": "4.4.2",
			"resolved": "https://registry.npmjs.org/lodash.get/-/lodash.get-4.4.2.tgz",
			"integrity": "sha1-LRd/ZS+jHpObRDjVNBSZ36OCXpk="
		},
		"lodash.isarguments": {
			"version": "3.1.0",
			"resolved": "https://registry.npmjs.org/lodash.isarguments/-/lodash.isarguments-3.1.0.tgz",
			"integrity": "sha1-L1c9hcaiQon/AGY7SRwdM4/zRYo="
		},
		"lodash.isarray": {
			"version": "3.0.4",
			"resolved": "https://registry.npmjs.org/lodash.isarray/-/lodash.isarray-3.0.4.tgz",
			"integrity": "sha1-eeTriMNqgSKvhvhEqpvNhRtfu1U="
		},
		"lodash.keys": {
			"version": "3.1.2",
			"resolved": "https://registry.npmjs.org/lodash.keys/-/lodash.keys-3.1.2.tgz",
			"integrity": "sha1-TbwEcrFWvlCgsoaFXRvQsMZWCYo=",
			"requires": {
				"lodash._getnative": "3.9.1",
				"lodash.isarguments": "3.1.0",
				"lodash.isarray": "3.0.4"
			}
		},
		"lodash.merge": {
			"version": "4.6.0",
			"resolved": "https://registry.npmjs.org/lodash.merge/-/lodash.merge-4.6.0.tgz",
			"integrity": "sha1-aYhLoUSsM/5plzemCG3v+t0PicU="
		},
		"lodash.throttle": {
			"version": "4.1.1",
			"resolved": "https://registry.npmjs.org/lodash.throttle/-/lodash.throttle-4.1.1.tgz",
			"integrity": "sha1-wj6RtxAkKscMN/HhzaknTMOb8vQ="
		},
		"loose-envify": {
			"version": "1.3.1",
			"resolved": "https://registry.npmjs.org/loose-envify/-/loose-envify-1.3.1.tgz",
			"integrity": "sha1-0aitM/qc4OcT1l/dCsi3SNR4yEg=",
			"requires": {
				"js-tokens": "3.0.2"
			}
		},
		"mini-store": {
			"version": "1.0.4",
			"resolved": "https://registry.npmjs.org/mini-store/-/mini-store-1.0.4.tgz",
			"integrity": "sha512-AJoqlKcmAFFwZYKem2ACuZKo8ginzsw/yDWiVRoWmv54BIQUomWz0+F+lCaoo2LwQB6YtiQzve9+h/WH4AFXUA==",
			"requires": {
				"hoist-non-react-statics": "2.3.1",
				"prop-types": "15.6.0",
				"shallowequal": "1.0.2"
			}
		},
		"moment": {
			"version": "2.20.1",
			"resolved": "https://registry.npmjs.org/moment/-/moment-2.20.1.tgz",
			"integrity": "sha512-Yh9y73JRljxW5QxN08Fner68eFLxM5ynNOAw2LbIB1YAGeQzZT8QFSUvkAz609Zf+IHhhaUxqZK8dG3W/+HEvg=="
		},
		"node-fetch": {
			"version": "1.7.3",
			"resolved": "https://registry.npmjs.org/node-fetch/-/node-fetch-1.7.3.tgz",
			"integrity": "sha512-NhZ4CsKx7cYm2vSrBAr2PvFOe6sWDf0UYLRqA6svUYg7+/TSfVAu49jYC4BvQ4Sms9SZgdqGBgroqfDhJdTyKQ==",
			"requires": {
				"encoding": "0.1.12",
				"is-stream": "1.1.0"
			}
		},
		"object-assign": {
			"version": "4.1.1",
			"resolved": "https://registry.npmjs.org/object-assign/-/object-assign-4.1.1.tgz",
			"integrity": "sha1-IQmtx5ZYh8/AXLvUQsrIv7s2CGM="
		},
		"omit.js": {
			"version": "1.0.0",
			"resolved": "https://registry.npmjs.org/omit.js/-/omit.js-1.0.0.tgz",
			"integrity": "sha512-O1rwbvEfAdhtonTv+v6IQeMOKTi/wlHcXpI3hehyPDlujkjSBQC6Vtzg0mdy+v2KVDmuPf7hAbHlTBM6q1bUHQ==",
			"requires": {
				"babel-runtime": "6.26.0"
			}
		},
		"promise": {
			"version": "7.3.1",
			"resolved": "https://registry.npmjs.org/promise/-/promise-7.3.1.tgz",
			"integrity": "sha512-nolQXZ/4L+bP/UGlkfaIujX9BKxGwmQ9OT4mOt5yvy8iK1h3wqTEJCijzGANTCCl9nWjY41juyAn2K3Q1hLLTg==",
			"requires": {
				"asap": "2.0.6"
			}
		},
		"prop-types": {
			"version": "15.6.0",
			"resolved": "https://registry.npmjs.org/prop-types/-/prop-types-15.6.0.tgz",
			"integrity": "sha1-zq8IMCL8RrSjX2nhPvda7Q1jmFY=",
			"requires": {
				"fbjs": "0.8.16",
				"loose-envify": "1.3.1",
				"object-assign": "4.1.1"
			}
		},
		"rc-align": {
			"version": "2.3.5",
			"resolved": "https://registry.npmjs.org/rc-align/-/rc-align-2.3.5.tgz",
			"integrity": "sha512-V1AN/gMNiJ3vOzbY/H3CTxhzYH+Ri2KlsEpo1SN8/SYmI4I/ZfQpScFAgmERuIGcLStA2sOEeBNVpH2FaOd2hA==",
			"requires": {
				"babel-runtime": "6.26.0",
				"dom-align": "1.6.6",
				"prop-types": "15.6.0",
				"rc-util": "4.3.1"
			}
		},
		"rc-animate": {
			"version": "2.4.4",
			"resolved": "https://registry.npmjs.org/rc-animate/-/rc-animate-2.4.4.tgz",
			"integrity": "sha512-DjJLTUQj7XKKcuS8cczN0uOLfuSmgrVXFGieP1SZc87xUUTFGh8B/KjNmEtlfvxkSrSuVfb2rrEPER4SqKUtEA==",
			"requires": {
				"babel-runtime": "6.26.0",
				"css-animation": "1.4.1",
				"prop-types": "15.6.0"
			}
		},
		"rc-calendar": {
			"version": "9.4.0",
			"resolved": "https://registry.npmjs.org/rc-calendar/-/rc-calendar-9.4.0.tgz",
			"integrity": "sha512-hDJjM+Zr+1R67JKIFXN2O4sLExd8v9+U2WP2vpN6fFuiYx9QEIl845JSvIzpq1vYkUesLuiTBJXYF/0/WcPl6w==",
			"requires": {
				"babel-runtime": "6.26.0",
				"classnames": "2.2.5",
				"create-react-class": "15.6.2",
				"moment": "2.20.1",
				"prop-types": "15.6.0",
				"rc-trigger": "2.3.3",
				"rc-util": "4.3.1"
			}
		},
		"rc-cascader": {
			"version": "0.12.1",
			"resolved": "https://registry.npmjs.org/rc-cascader/-/rc-cascader-0.12.1.tgz",
			"integrity": "sha512-bJkMIa39NAQuAL3+wzmOGHCwu0rKeVszR50Vn8CsbQrsGV8ul2E3bHrtBHjBUJn4L7s7y3k67uC8/gm16SIiYw==",
			"requires": {
				"array-tree-filter": "1.0.1",
				"prop-types": "15.6.0",
				"rc-trigger": "2.3.3",
				"rc-util": "4.3.1",
				"shallow-equal": "1.0.0"
			},
			"dependencies": {
				"array-tree-filter": {
					"version": "1.0.1",
					"resolved": "https://registry.npmjs.org/array-tree-filter/-/array-tree-filter-1.0.1.tgz",
					"integrity": "sha1-CorR7v04zoiFhjL5zAQj12NOTV0="
				}
			}
		},
		"rc-checkbox": {
			"version": "2.1.1",
			"resolved": "https://registry.npmjs.org/rc-checkbox/-/rc-checkbox-2.1.1.tgz",
			"integrity": "sha512-yESAzXCFIbofD3YmFdT8DcSTC18/tuOtjYyDTJXCd4A9ZsZ3ZkwcAak1htgYx5ILjdFBt7Eo4pEiNDGdkE3AuQ==",
			"requires": {
				"babel-runtime": "6.26.0",
				"classnames": "2.2.5",
				"prop-types": "15.6.0",
				"rc-util": "4.3.1"
			}
		},
		"rc-collapse": {
			"version": "1.7.7",
			"resolved": "https://registry.npmjs.org/rc-collapse/-/rc-collapse-1.7.7.tgz",
			"integrity": "sha512-F9eWCcFtwb/H7ot1e/Z9CamVM1bQ0GaTx3Agkle6LrhrcPxuWTH00dldmtk0HelCBK43TyhTWoHEFB5S4biPLA==",
			"requires": {
				"classnames": "2.2.5",
				"css-animation": "1.4.1",
				"prop-types": "15.6.0",
				"rc-animate": "2.4.4"
			}
		},
		"rc-dialog": {
			"version": "7.1.0",
			"resolved": "https://registry.npmjs.org/rc-dialog/-/rc-dialog-7.1.0.tgz",
			"integrity": "sha512-Dp1IzvvVWa31rTP4rYnnIqyIVSD8QRXrzKdejVwXd47kK+nC5OoLND/e1jCF4O1LrSGKKDni3bEjCejb1PYh/Q==",
			"requires": {
				"babel-runtime": "6.26.0",
				"create-react-class": "15.6.2",
				"object-assign": "4.1.1",
				"rc-animate": "2.4.4",
				"rc-util": "4.3.1"
			}
		},
		"rc-dropdown": {
			"version": "2.1.0",
			"resolved": "https://registry.npmjs.org/rc-dropdown/-/rc-dropdown-2.1.0.tgz",
			"integrity": "sha512-M+4/Fusiti/tZaD2TvfD7iNWNe448TGsv/xevdrWLnW7/2lYJCPFwpKUvu0Jk7lYeviOIx9bWZ3oSXs99TtX9A==",
			"requires": {
				"babel-runtime": "6.26.0",
				"prop-types": "15.6.0",
				"rc-trigger": "2.3.3"
			}
		},
		"rc-editor-core": {
			"version": "0.8.3",
			"resolved": "https://registry.npmjs.org/rc-editor-core/-/rc-editor-core-0.8.3.tgz",
			"integrity": "sha1-C+ajehAVKubVi9Ls/v3yyAzgaJo=",
			"requires": {
				"babel-runtime": "6.26.0",
				"draft-js": "0.10.4",
				"immutable": "3.7.6",
				"lodash": "4.17.4",
				"prop-types": "15.6.0",
				"setimmediate": "1.0.5"
			}
		},
		"rc-editor-mention": {
			"version": "1.1.4",
			"resolved": "https://registry.npmjs.org/rc-editor-mention/-/rc-editor-mention-1.1.4.tgz",
			"integrity": "sha512-iQwXHCj11x/0gZ1K/LrwMyqJoZi8pOXoRUuEBU7kFXs6nyXrC7/QNgHQLGLEsjfVjvGepCdLW2axXDCbtDXSjQ==",
			"requires": {
				"babel-runtime": "6.26.0",
				"classnames": "2.2.5",
				"dom-scroll-into-view": "1.2.1",
				"draft-js": "0.10.4",
				"prop-types": "15.6.0",
				"rc-animate": "2.4.4",
				"rc-editor-core": "0.8.3"
			}
		},
		"rc-form": {
			"version": "2.1.7",
			"resolved": "https://registry.npmjs.org/rc-form/-/rc-form-2.1.7.tgz",
			"integrity": "sha512-Sz6gnkjD92sM7E/QTSFkgiyiYEzZ3hAmKxgPJY2l3PK9DKGHEamJq5Lj5L4bJWW3pLGzkEZJOC6xS5+6nde/yA==",
			"requires": {
				"async-validator": "1.8.2",
				"babel-runtime": "6.26.0",
				"create-react-class": "15.6.2",
				"dom-scroll-into-view": "1.2.1",
				"hoist-non-react-statics": "2.3.1",
				"lodash": "4.17.4",
				"warning": "3.0.0"
			}
		},
		"rc-hammerjs": {
			"version": "0.6.9",
			"resolved": "https://registry.npmjs.org/rc-hammerjs/-/rc-hammerjs-0.6.9.tgz",
			"integrity": "sha512-4llgWO3RgLyVbEqUdGsDfzUDqklRlQW5VEhE3x35IvhV+w//VPRG34SBavK3D2mD/UaLKaohgU41V4agiftC8g==",
			"requires": {
				"babel-runtime": "6.26.0",
				"hammerjs": "2.0.8",
				"prop-types": "15.6.0"
			}
		},
		"rc-input-number": {
			"version": "4.0.2",
			"resolved": "https://registry.npmjs.org/rc-input-number/-/rc-input-number-4.0.2.tgz",
			"integrity": "sha512-rQa0/SaSISVduY5jBRkYfStXEVogdATL3AHj21lzfKTt1+pj3hW+A68oml/0x2MMCia6JWr5xbaps2TpH0eS/Q==",
			"requires": {
				"babel-runtime": "6.26.0",
				"classnames": "2.2.5",
				"prop-types": "15.6.0",
				"rmc-feedback": "1.0.4"
			}
		},
		"rc-menu": {
			"version": "6.2.5",
			"resolved": "https://registry.npmjs.org/rc-menu/-/rc-menu-6.2.5.tgz",
			"integrity": "sha512-IujBelVR5WDkvkZwnjgwHcr7BYY1lw1fkMUTuROob2iUtfChT96lwewtUkHEJ491pNe/4IVFKyorXIAIwt3IyA==",
			"requires": {
				"babel-runtime": "6.26.0",
				"classnames": "2.2.5",
				"create-react-class": "15.6.2",
				"dom-scroll-into-view": "1.2.1",
				"prop-types": "15.6.0",
				"rc-animate": "2.4.4",
				"rc-trigger": "2.3.3",
				"rc-util": "4.3.1"
			}
		},
		"rc-notification": {
			"version": "3.0.0",
			"resolved": "https://registry.npmjs.org/rc-notification/-/rc-notification-3.0.0.tgz",
			"integrity": "sha512-H4mM9cuGf4iuyBe2UY4GFibB5XNN3KGt/UkQaH9XkXM5/m3sQY5rtwgngKk6Squqxbh7BjGEGLA97bFj1cyJ1Q==",
			"requires": {
				"babel-runtime": "6.26.0",
				"classnames": "2.2.5",
				"prop-types": "15.6.0",
				"rc-animate": "2.4.4",
				"rc-util": "4.3.1"
			}
		},
		"rc-pagination": {
			"version": "1.14.0",
			"resolved": "https://registry.npmjs.org/rc-pagination/-/rc-pagination-1.14.0.tgz",
			"integrity": "sha512-UBgDjXKpmGNSNUYOH1Wbc7RjvEA+o1b3eDcRqqHfSJJ2xKadYBzOBfLCaiQjJrD2jmha1EwUuXdEVhWqu9Fwaw==",
			"requires": {
				"babel-runtime": "6.26.0",
				"prop-types": "15.6.0"
			}
		},
		"rc-progress": {
			"version": "2.2.5",
			"resolved": "https://registry.npmjs.org/rc-progress/-/rc-progress-2.2.5.tgz",
			"integrity": "sha1-5h0FRL+dQgjlujL8UJYhWef5UqM=",
			"requires": {
				"babel-runtime": "6.26.0",
				"prop-types": "15.6.0"
			}
		},
		"rc-rate": {
			"version": "2.4.0",
			"resolved": "https://registry.npmjs.org/rc-rate/-/rc-rate-2.4.0.tgz",
			"integrity": "sha512-gYHxaXqObiIw1ekRS8tq2YUKpTGL/Q9LxMdSCXZS++d5bVsmmTCZUvJFKEt0IfLb19sZtxCaQvwanzNpqaxY7Q==",
			"requires": {
				"babel-runtime": "6.26.0",
				"classnames": "2.2.5",
				"prop-types": "15.6.0",
				"rc-util": "4.3.1"
			}
		},
		"rc-select": {
			"version": "7.5.1",
			"resolved": "https://registry.npmjs.org/rc-select/-/rc-select-7.5.1.tgz",
			"integrity": "sha512-+pjM96KokkbWKV4vmKmWZNeoubNhVOXbiWh2O8zaUWPZXpDDtQnfF1SgaVDI9K0Vf5TNSEkpFBzVqsm3FMUj4w==",
			"requires": {
				"babel-runtime": "6.26.0",
				"classnames": "2.2.5",
				"component-classes": "1.2.6",
				"dom-scroll-into-view": "1.2.1",
				"prop-types": "15.6.0",
				"rc-animate": "2.4.4",
				"rc-menu": "6.2.5",
				"rc-trigger": "2.3.3",
				"rc-util": "4.3.1",
				"warning": "3.0.0"
			}
		},
		"rc-slider": {
			"version": "8.5.0",
			"resolved": "https://registry.npmjs.org/rc-slider/-/rc-slider-8.5.0.tgz",
			"integrity": "sha512-dw1kA7Dr6GOmPZFsy+yMxVyqmckeUtYVdfNOdQcI9O8mXkoCwlxXolMK9bW/TTlXCc8ztaXkJkyTVXl/Gkg5Tw==",
			"requires": {
				"babel-runtime": "6.26.0",
				"classnames": "2.2.5",
				"prop-types": "15.6.0",
				"rc-tooltip": "3.7.0",
				"rc-util": "4.3.1",
				"shallowequal": "1.0.2",
				"warning": "3.0.0"
			}
		},
		"rc-steps": {
			"version": "3.0.1",
			"resolved": "https://registry.npmjs.org/rc-steps/-/rc-steps-3.0.1.tgz",
			"integrity": "sha512-P7xkDnHwgKVRFlt09nQQim6ScYFcwfAxuJmPnH0t09AlVt/mvuUU+KEKlkaBsBPNeEB00u04dohHs0YDkGuMJQ==",
			"requires": {
				"babel-runtime": "6.26.0",
				"classnames": "2.2.5",
				"lodash.debounce": "4.0.8",
				"prop-types": "15.6.0"
			}
		},
		"rc-switch": {
			"version": "1.6.0",
			"resolved": "https://registry.npmjs.org/rc-switch/-/rc-switch-1.6.0.tgz",
			"integrity": "sha512-tlnYj92N/PxFLWJObATgSPYWESCFTUtdFjDRbCJFvSd4j2a8IFLz20X/5d3OTnFtf7DcxLTa/aGIPmsI3mFn3g==",
			"requires": {
				"babel-runtime": "6.26.0",
				"classnames": "2.2.5",
				"prop-types": "15.6.0"
			}
		},
		"rc-table": {
			"version": "6.1.2",
			"resolved": "https://registry.npmjs.org/rc-table/-/rc-table-6.1.2.tgz",
			"integrity": "sha512-wkF/SD3Ce7dNhPk+kkY3GWEH6GVx5yRXibwdyClVMVs9MZ7rCA2Suh5G5gdXEsztJZiZI+eOHpVyJUgnodh8gQ==",
			"requires": {
				"babel-runtime": "6.26.0",
				"component-classes": "1.2.6",
				"lodash.get": "4.4.2",
				"lodash.merge": "4.6.0",
				"mini-store": "1.0.4",
				"prop-types": "15.6.0",
				"rc-util": "4.3.1",
				"shallowequal": "1.0.2",
				"warning": "3.0.0"
			}
		},
		"rc-tabs": {
			"version": "9.1.11",
			"resolved": "https://registry.npmjs.org/rc-tabs/-/rc-tabs-9.1.11.tgz",
			"integrity": "sha512-pepWb6YYqvskWyXxc2klJR6GH4//4rSEFAttIJaRuZn++uSf3k5nOSPvO0x0qGOoX+Dz8P8DIcnoZQADvYcr7g==",
			"requires": {
				"babel-runtime": "6.26.0",
				"classnames": "2.2.5",
				"create-react-class": "15.6.2",
				"lodash.debounce": "4.0.8",
				"prop-types": "15.6.0",
				"rc-hammerjs": "0.6.9",
				"rc-util": "4.3.1",
				"warning": "3.0.0"
			}
		},
		"rc-time-picker": {
			"version": "3.2.1",
			"resolved": "https://registry.npmjs.org/rc-time-picker/-/rc-time-picker-3.2.1.tgz",
			"integrity": "sha512-aULPDcaqc/p5Rxcfp4sTl/Igxw5Ej5+mSdEkIqTo9SbWULQ0QaH9wGZ13niTHOx50RLklJzvOIptXZi3LXXQNA==",
			"requires": {
				"babel-runtime": "6.26.0",
				"classnames": "2.2.5",
				"moment": "2.20.1",
				"prop-types": "15.6.0",
				"rc-trigger": "2.3.3"
			}
		},
		"rc-tooltip": {
			"version": "3.7.0",
			"resolved": "https://registry.npmjs.org/rc-tooltip/-/rc-tooltip-3.7.0.tgz",
			"integrity": "sha512-xEoUMatXp8OEL61UFH0+NrC39nkKzpOBhLrJCnnRpDRduU8L3DOhF6CNlIMkvg68hxlGGdquFtFw2t+1xNLX5A==",
			"requires": {
				"babel-runtime": "6.26.0",
				"prop-types": "15.6.0",
				"rc-trigger": "2.3.3"
			}
		},
		"rc-tree": {
			"version": "1.7.10",
			"resolved": "https://registry.npmjs.org/rc-tree/-/rc-tree-1.7.10.tgz",
			"integrity": "sha512-P5IKEXmgEohMS21QoiGyftVd3tDOQx3g1I0USrtOHFTLHusri3Iw5QyHm6KIsjtlOVNVcmMNlEsTJfbToq2RlQ==",
			"requires": {
				"babel-runtime": "6.26.0",
				"classnames": "2.2.5",
				"prop-types": "15.6.0",
				"rc-animate": "2.4.4",
				"rc-util": "4.3.1",
				"warning": "3.0.0"
			}
		},
		"rc-tree-select": {
			"version": "1.12.3",
			"resolved": "https://registry.npmjs.org/rc-tree-select/-/rc-tree-select-1.12.3.tgz",
			"integrity": "sha512-xqBMJnro8v5lW/Og+tK9NzKFXw4zkvm6rBEYOpCLQCNvPKLQ4TPv7Kmos5NRmuZBrkwkBTFOoC+Eci3BTK9uPw==",
			"requires": {
				"babel-runtime": "6.26.0",
				"classnames": "2.2.5",
				"object-assign": "4.1.1",
				"prop-types": "15.6.0",
				"rc-animate": "2.4.4",
				"rc-tree": "1.7.10",
				"rc-trigger": "2.3.3",
				"rc-util": "4.3.1"
			}
		},
		"rc-trigger": {
			"version": "2.3.3",
			"resolved": "https://registry.npmjs.org/rc-trigger/-/rc-trigger-2.3.3.tgz",
			"integrity": "sha512-j8MHq0jES4vXShFbSExyty/WVR238lrZzUfsSaIDeiziBIiUAOP6SR2HBEi2gSGK239Jm3bWIJvwGA85kFMgmQ==",
			"requires": {
				"babel-runtime": "6.26.0",
				"create-react-class": "15.6.2",
				"prop-types": "15.6.0",
				"rc-align": "2.3.5",
				"rc-animate": "2.4.4",
				"rc-util": "4.3.1"
			}
		},
		"rc-upload": {
			"version": "2.4.4",
			"resolved": "https://registry.npmjs.org/rc-upload/-/rc-upload-2.4.4.tgz",
			"integrity": "sha512-EQgGSFiqZWkQ93kC997c1Uan9VgMzJvlaUQt16PrHvmHw/boUs3M/lf0GhYlmpe7YSnN0jGpMNUcENUFwDVAHA==",
			"requires": {
				"babel-runtime": "6.26.0",
				"classnames": "2.2.5",
				"prop-types": "15.6.0",
				"warning": "2.1.0"
			},
			"dependencies": {
				"warning": {
					"version": "2.1.0",
					"resolved": "https://registry.npmjs.org/warning/-/warning-2.1.0.tgz",
					"integrity": "sha1-ISINnGOvx3qMkhEeARr3Bc4MaQE=",
					"requires": {
						"loose-envify": "1.3.1"
					}
				}
			}
		},
		"rc-util": {
			"version": "4.3.1",
			"resolved": "https://registry.npmjs.org/rc-util/-/rc-util-4.3.1.tgz",
			"integrity": "sha512-OVNMKLePnwn0dCX/Gpc+/kGEDpmMo1Rfesg9xFcAckRd+D+YwVqV+dUJMHugP+4nRtbXi55o0HwPlkKIApYfQA==",
			"requires": {
				"add-dom-event-listener": "1.0.2",
				"babel-runtime": "6.26.0",
				"prop-types": "15.6.0",
				"shallowequal": "0.2.2"
			},
			"dependencies": {
				"shallowequal": {
					"version": "0.2.2",
					"resolved": "https://registry.npmjs.org/shallowequal/-/shallowequal-0.2.2.tgz",
					"integrity": "sha1-HjL9W8q2rWiKSBLLDMBO/HXHAU4=",
					"requires": {
						"lodash.keys": "3.1.2"
					}
				}
			}
		},
		"react": {
			"version": "15.6.2",
			"resolved": "https://registry.npmjs.org/react/-/react-15.6.2.tgz",
			"integrity": "sha1-26BDSrQ5z+gvEI8PURZjkIF5qnI=",
			"requires": {
				"create-react-class": "15.6.2",
				"fbjs": "0.8.16",
				"loose-envify": "1.3.1",
				"object-assign": "4.1.1",
				"prop-types": "15.6.0"
			}
		},
		"react-dom": {
			"version": "15.6.2",
			"resolved": "https://registry.npmjs.org/react-dom/-/react-dom-15.6.2.tgz",
			"integrity": "sha1-Qc+t9pO3V/rycIRDodH9WgK+9zA=",
			"requires": {
				"fbjs": "0.8.16",
				"loose-envify": "1.3.1",
				"object-assign": "4.1.1",
				"prop-types": "15.6.0"
			}
		},
		"react-lazy-load": {
			"version": "3.0.13",
			"resolved": "https://registry.npmjs.org/react-lazy-load/-/react-lazy-load-3.0.13.tgz",
			"integrity": "sha1-OwqS0zbUPT8Nc8vm81sXBQsIuCQ=",
			"requires": {
				"eventlistener": "0.0.1",
				"lodash.debounce": "4.0.8",
				"lodash.throttle": "4.1.1",
				"prop-types": "15.6.0"
			}
		},
		"react-slick": {
			"version": "0.16.0",
			"resolved": "https://registry.npmjs.org/react-slick/-/react-slick-0.16.0.tgz",
			"integrity": "sha512-QSN0w2f5yiyIwGwlccDGC0veke3NkigHuHycq+qr0GWyrQ7BWIvGPS6J8nOt2LLrwPU816Ib8zgqsH8MTBhWCA==",
			"requires": {
				"can-use-dom": "0.1.0",
				"classnames": "2.2.5",
				"create-react-class": "15.6.2",
				"enquire.js": "2.1.6",
				"json2mq": "0.2.0",
				"object-assign": "4.1.1",
				"slick-carousel": "1.8.1"
			}
		},
		"redux-saga": {
			"version": "0.16.0",
			"resolved": "https://registry.npmjs.org/redux-saga/-/redux-saga-0.16.0.tgz",
			"integrity": "sha1-CiMdsKFIkwHdmA9vL4jYztQY9yQ="
		},
		"regenerator-runtime": {
			"version": "0.11.1",
			"resolved": "https://registry.npmjs.org/regenerator-runtime/-/regenerator-runtime-0.11.1.tgz",
			"integrity": "sha512-MguG95oij0fC3QV3URf4V2SDYGJhJnJGqvIIgdECeODCT98wSWDAJ94SSuVpYQUoTcGUIL6L4yNB7j1DFFHSBg=="
		},
		"rmc-feedback": {
			"version": "1.0.4",
			"resolved": "https://registry.npmjs.org/rmc-feedback/-/rmc-feedback-1.0.4.tgz",
			"integrity": "sha512-cRrywsfsQlw92Uz7qKzBxtyO1w0GWcP5yy/S8sec/6mIUdCn86olQuhBMHxpIpHGcEIJ+J9lBjl3DOrBD0Plrw==",
			"requires": {
				"babel-runtime": "6.26.0",
				"classnames": "2.2.5"
			}
		},
		"setimmediate": {
			"version": "1.0.5",
			"resolved": "https://registry.npmjs.org/setimmediate/-/setimmediate-1.0.5.tgz",
			"integrity": "sha1-KQy7Iy4waULX1+qbg3Mqt4VvgoU="
		},
		"shallow-equal": {
			"version": "1.0.0",
			"resolved": "https://registry.npmjs.org/shallow-equal/-/shallow-equal-1.0.0.tgz",
			"integrity": "sha1-UI0YOLPeWQq4dXsBGyXkMJAJRfc="
		},
		"shallowequal": {
			"version": "1.0.2",
			"resolved": "https://registry.npmjs.org/shallowequal/-/shallowequal-1.0.2.tgz",
			"integrity": "sha512-zlVXeVUKvo+HEv1e2KQF/csyeMKx2oHvatQ9l6XjCUj3agvC8XGf6R9HvIPDSmp8FNPvx7b5kaEJTRi7CqxtEw=="
		},
		"slick-carousel": {
			"version": "1.8.1",
			"resolved": "https://registry.npmjs.org/slick-carousel/-/slick-carousel-1.8.1.tgz",
			"integrity": "sha512-XB9Ftrf2EEKfzoQXt3Nitrt/IPbT+f1fgqBdoxO3W/+JYvtEOW6EgxnWfr9GH6nmULv7Y2tPmEX3koxThVmebA=="
		},
		"string-convert": {
			"version": "0.2.1",
			"resolved": "https://registry.npmjs.org/string-convert/-/string-convert-0.2.1.tgz",
			"integrity": "sha1-aYLMMEn7tM2F+LJFaLnZvznu/5c="
		},
		"ua-parser-js": {
			"version": "0.7.17",
			"resolved": "https://registry.npmjs.org/ua-parser-js/-/ua-parser-js-0.7.17.tgz",
			"integrity": "sha512-uRdSdu1oA1rncCQL7sCj8vSyZkgtL7faaw9Tc9rZ3mGgraQ7+Pdx7w5mnOSF3gw9ZNG6oc+KXfkon3bKuROm0g=="
		},
		"warning": {
			"version": "3.0.0",
			"resolved": "https://registry.npmjs.org/warning/-/warning-3.0.0.tgz",
			"integrity": "sha1-MuU3fLVy3kqwR1O9+IIcAe1gW3w=",
			"requires": {
				"loose-envify": "1.3.1"
			}
		},
		"whatwg-fetch": {
			"version": "2.0.3",
			"resolved": "https://registry.npmjs.org/whatwg-fetch/-/whatwg-fetch-2.0.3.tgz",
			"integrity": "sha1-nITsLc9oGH/wC8ZOEnS0QhduHIQ="
		}
	}
}
