{
	"requires": true,
	"lockfileVersion": 1,
	"dependencies": {
		"acorn": {
			"version": "1.2.2",
			"resolved": "https://registry.npmjs.org/acorn/-/acorn-1.2.2.tgz",
			"integrity": "sha1-yM4n3grMdtiW0rH6099YjZ6C8BQ="
		},
		"ajv": {
			"version": "4.11.8",
			"resolved": "https://registry.npmjs.org/ajv/-/ajv-4.11.8.tgz",
			"integrity": "sha1-gv+wKynmYq5TvcIK8VlHcGc5xTY=",
			"requires": {
				"co": "4.6.0",
				"json-stable-stringify": "1.0.1"
			}
		},
		"ajv-i18n": {
			"version": "1.7.0",
			"resolved": "https://registry.npmjs.org/ajv-i18n/-/ajv-i18n-1.7.0.tgz",
			"integrity": "sha1-mwXRJJQl4dd0EuFxiAcla348m54="
		},
		"amdefine": {
			"version": "1.0.1",
			"resolved": "https://registry.npmjs.org/amdefine/-/amdefine-1.0.1.tgz",
			"integrity": "sha1-SlKCrBZHKek2Gbz9OtFR+BfOkfU="
		},
		"asap": {
			"version": "2.0.6",
			"resolved": "https://registry.npmjs.org/asap/-/asap-2.0.6.tgz",
			"integrity": "sha1-5QNHYR1+aQlDIIu9r+vLwvuGbUY="
		},
		"ast-types": {
			"version": "0.8.15",
			"resolved": "https://registry.npmjs.org/ast-types/-/ast-types-0.8.15.tgz",
			"integrity": "sha1-ju8IJ/BN/w7IhXupJavj/qYZTlI="
		},
		"async": {
			"version": "2.6.0",
			"resolved": "https://registry.npmjs.org/async/-/async-2.6.0.tgz",
			"integrity": "sha512-xAfGg1/NTLBBKlHFmnd7PlmUW9KhVQIUuSrYem9xzFUZy13ScvtyGGejaae9iAVRiRq9+Cx7DPFaAAhCpyxyPw==",
			"requires": {
				"lodash": "4.17.4"
			}
		},
		"babel-runtime": {
			"version": "6.26.0",
			"resolved": "https://registry.npmjs.org/babel-runtime/-/babel-runtime-6.26.0.tgz",
			"integrity": "sha1-llxwWGaOgrVde/4E/yM3vItWR/4=",
			"requires": {
				"core-js": "2.5.3",
				"regenerator-runtime": "0.11.1"
			},
			"dependencies": {
				"core-js": {
					"version": "2.5.3",
					"resolved": "https://registry.npmjs.org/core-js/-/core-js-2.5.3.tgz",
					"integrity": "sha1-isw4NFgk8W2DZbfJtCWRaOjtYD4="
				}
			}
		},
		"base62": {
			"version": "0.1.1",
			"resolved": "https://registry.npmjs.org/base62/-/base62-0.1.1.tgz",
			"integrity": "sha1-e0F0wvlESXU7EcJlHAg9qEGnsIQ="
		},
		"bootstrap-daterangepicker": {
			"version": "2.1.30",
			"resolved": "https://registry.npmjs.org/bootstrap-daterangepicker/-/bootstrap-daterangepicker-2.1.30.tgz",
			"integrity": "sha1-+JPb//Wk19+qt1Rg6OppabuJaJo=",
			"requires": {
				"jquery": "3.2.1",
				"moment": "2.20.1"
			}
		},
		"brcast": {
			"version": "3.0.1",
			"resolved": "https://registry.npmjs.org/brcast/-/brcast-3.0.1.tgz",
			"integrity": "sha512-eI3yqf9YEqyGl9PCNTR46MGvDylGtaHjalcz6Q3fAPnP/PhpKkkve52vFdfGpwp4VUvK6LUr4TQN+2stCrEwTg=="
		},
		"calendar": {
			"version": "0.1.0",
			"resolved": "https://registry.npmjs.org/calendar/-/calendar-0.1.0.tgz",
			"integrity": "sha1-fiBfxte1wk1/drLDVgW7nChjaA0="
		},
		"chain-function": {
			"version": "1.0.0",
			"resolved": "https://registry.npmjs.org/chain-function/-/chain-function-1.0.0.tgz",
			"integrity": "sha1-DUqzfn4Y6tC9xHuSB2QRjOWHM9w="
		},
		"classnames": {
			"version": "2.2.5",
			"resolved": "https://registry.npmjs.org/classnames/-/classnames-2.2.5.tgz",
			"integrity": "sha1-+zgB1FNGdknvNgPH1hoCvRKb3m0="
		},
		"co": {
			"version": "4.6.0",
			"resolved": "https://registry.npmjs.org/co/-/co-4.6.0.tgz",
			"integrity": "sha1-bqa989hTrlTMuOR7+gvz+QMfsYQ="
		},
		"core-js": {
			"version": "1.2.7",
			"resolved": "https://registry.npmjs.org/core-js/-/core-js-1.2.7.tgz",
			"integrity": "sha1-ZSKUwUZR2yj6k70tX/KYOk8IxjY="
		},
		"core-util-is": {
			"version": "1.0.2",
			"resolved": "https://registry.npmjs.org/core-util-is/-/core-util-is-1.0.2.tgz",
			"integrity": "sha1-tf1UIgqivFq1eqtxQMlAdUUDwac="
		},
		"create-react-class": {
			"version": "15.6.2",
			"resolved": "https://registry.npmjs.org/create-react-class/-/create-react-class-15.6.2.tgz",
			"integrity": "sha1-zx7RXxKq1/FO9fLf4F5sQvke8Co=",
			"requires": {
				"fbjs": "0.8.16",
				"loose-envify": "1.3.1",
				"object-assign": "4.1.1"
			}
		},
		"crypto-js": {
			"version": "3.1.8",
			"resolved": "https://registry.npmjs.org/crypto-js/-/crypto-js-3.1.8.tgz",
			"integrity": "sha1-cV8HC/YBTyrpkqmLOSkli3E/CNU="
		},
		"css-vendor": {
			"version": "0.3.8",
			"resolved": "https://registry.npmjs.org/css-vendor/-/css-vendor-0.3.8.tgz",
			"integrity": "sha1-ZCHP0wNM5mT+dnOXL9ARn8KJQfo=",
			"requires": {
				"is-in-browser": "1.1.3"
			}
		},
		"deep-diff": {
			"version": "0.3.4",
			"resolved": "https://registry.npmjs.org/deep-diff/-/deep-diff-0.3.4.tgz",
			"integrity": "sha1-qsXDmVIjar5fA3ojSQYLoBsArkg="
		},
		"deep-equal": {
			"version": "1.0.1",
			"resolved": "https://registry.npmjs.org/deep-equal/-/deep-equal-1.0.1.tgz",
			"integrity": "sha1-9dJgKStmDghO/0zbyfCK0yR0SLU="
		},
		"dom-helpers": {
			"version": "3.3.1",
			"resolved": "https://registry.npmjs.org/dom-helpers/-/dom-helpers-3.3.1.tgz",
			"integrity": "sha512-2Sm+JaYn74OiTM2wHvxJOo3roiq/h25Yi69Fqk269cNUwIXsCvATB6CRSFC9Am/20G2b28hGv/+7NiWydIrPvg=="
		},
		"encoding": {
			"version": "0.1.12",
			"resolved": "https://registry.npmjs.org/encoding/-/encoding-0.1.12.tgz",
			"integrity": "sha1-U4tm8+5izRq1HsMjgp0flIDHS+s=",
			"requires": {
				"iconv-lite": "0.4.19"
			}
		},
		"es3ify": {
			"version": "0.1.4",
			"resolved": "https://registry.npmjs.org/es3ify/-/es3ify-0.1.4.tgz",
			"integrity": "sha1-rZ+l3xrjTz8x4SEbWBiy1RB439E=",
			"requires": {
				"esprima-fb": "3001.1.0-dev-harmony-fb",
				"jstransform": "3.0.0",
				"through": "2.3.8"
			}
		},
		"es6-error": {
			"version": "4.1.1",
			"resolved": "https://registry.npmjs.org/es6-error/-/es6-error-4.1.1.tgz",
			"integrity": "sha512-Um/+FxMr9CISWh0bi5Zv0iOD+4cFh5qLeks1qhAopKVAJw3drgKbKySikp7wGhDL0HPeaja0P5ULZrxLkniUVg=="
		},
		"esmangle-evaluator": {
			"version": "1.0.1",
			"resolved": "https://registry.npmjs.org/esmangle-evaluator/-/esmangle-evaluator-1.0.1.tgz",
			"integrity": "sha1-Yg2GbvSGGzMR91dm1SqFcrs8YzY="
		},
		"esprima-fb": {
			"version": "3001.1.0-dev-harmony-fb",
			"resolved": "https://registry.npmjs.org/esprima-fb/-/esprima-fb-3001.0001.0000-dev-harmony-fb.tgz",
			"integrity": "sha1-t303q8046gt3Qmu4vCkizmtCZBE="
		},
		"falafel": {
			"version": "1.2.0",
			"resolved": "https://registry.npmjs.org/falafel/-/falafel-1.2.0.tgz",
			"integrity": "sha1-wY0k71CRF0pJfzGM0ksCaiXN2rQ=",
			"requires": {
				"acorn": "1.2.2",
				"foreach": "2.0.5",
				"isarray": "0.0.1",
				"object-keys": "1.0.11"
			}
		},
		"fbjs": {
			"version": "0.8.16",
			"resolved": "https://registry.npmjs.org/fbjs/-/fbjs-0.8.16.tgz",
			"integrity": "sha1-XmdDL1UNxBtXK/VYR7ispk5TN9s=",
			"requires": {
				"core-js": "1.2.7",
				"isomorphic-fetch": "2.2.1",
				"loose-envify": "1.3.1",
				"object-assign": "4.1.1",
				"promise": "7.3.1",
				"setimmediate": "1.0.5",
				"ua-parser-js": "0.7.17"
			}
		},
		"flatten": {
			"version": "1.0.2",
			"resolved": "https://registry.npmjs.org/flatten/-/flatten-1.0.2.tgz",
			"integrity": "sha1-2uRqnXj74lKSJYzB54CkHZXAN4I="
		},
		"foreach": {
			"version": "2.0.5",
			"resolved": "https://registry.npmjs.org/foreach/-/foreach-2.0.5.tgz",
			"integrity": "sha1-C+4AUBiusmDQo6865ljdATbsG5k="
		},
		"history": {
			"version": "2.1.2",
			"resolved": "https://registry.npmjs.org/history/-/history-2.1.2.tgz",
			"integrity": "sha1-SqLeiXoOSGfkU5hDvm7Nsphr/ew=",
			"requires": {
				"deep-equal": "1.0.1",
				"invariant": "2.2.2",
				"query-string": "3.0.3",
				"warning": "2.1.0"
			},
			"dependencies": {
				"warning": {
					"version": "2.1.0",
					"resolved": "https://registry.npmjs.org/warning/-/warning-2.1.0.tgz",
					"integrity": "sha1-ISINnGOvx3qMkhEeARr3Bc4MaQE=",
					"requires": {
						"loose-envify": "1.3.1"
					}
				}
			}
		},
		"hoist-non-react-statics": {
			"version": "2.3.1",
			"resolved": "https://registry.npmjs.org/hoist-non-react-statics/-/hoist-non-react-statics-2.3.1.tgz",
			"integrity": "sha1-ND24TGAYxlB3iJgkATWhQg7iLOA="
		},
		"i18next": {
			"version": "4.2.0",
			"resolved": "https://registry.npmjs.org/i18next/-/i18next-4.2.0.tgz",
			"integrity": "sha1-4MvupjjI3YrcFBN1d8QP/wB1aWM="
		},
		"i18next-browser-languagedetector": {
			"version": "1.0.1",
			"resolved": "https://registry.npmjs.org/i18next-browser-languagedetector/-/i18next-browser-languagedetector-1.0.1.tgz",
			"integrity": "sha1-c+Q6pG/ByQnKxheLnRuAPQJhD6o="
		},
		"i18next-localstorage-cache": {
			"version": "0.3.0",
			"resolved": "https://registry.npmjs.org/i18next-localstorage-cache/-/i18next-localstorage-cache-0.3.0.tgz",
			"integrity": "sha1-EkzItikRYOK9RBJ/82GHkAAxQ4U="
		},
		"i18next-xhr-backend": {
			"version": "1.5.1",
			"resolved": "https://registry.npmjs.org/i18next-xhr-backend/-/i18next-xhr-backend-1.5.1.tgz",
			"integrity": "sha512-9OLdC/9YxDvTFcgsH5t2BHCODHEotHCa6h7Ly0EUlUC7Y2GS09UeoHOGj3gWKQ3HCqXz8NlH4gOrK3NNc9vPuw=="
		},
		"iconv-lite": {
			"version": "0.4.19",
			"resolved": "https://registry.npmjs.org/iconv-lite/-/iconv-lite-0.4.19.tgz",
			"integrity": "sha512-oTZqweIP51xaGPI4uPa56/Pri/480R+mo7SeU+YETByQNhDG55ycFyNLIgta9vXhILrxXDmF7ZGhqZIcuN0gJQ=="
		},
		"immediate": {
			"version": "3.0.6",
			"resolved": "https://registry.npmjs.org/immediate/-/immediate-3.0.6.tgz",
			"integrity": "sha1-nbHb0Pr43m++D13V5Wu2BigN5ps="
		},
		"immutable": {
			"version": "3.8.2",
			"resolved": "https://registry.npmjs.org/immutable/-/immutable-3.8.2.tgz",
			"integrity": "sha1-wkOZUUVbs5kT2vKBN28VMOEErfM="
		},
		"inherits": {
			"version": "2.0.3",
			"resolved": "https://registry.npmjs.org/inherits/-/inherits-2.0.3.tgz",
			"integrity": "sha1-Yzwsg+PaQqUC9SRmAiSA9CCCYd4="
		},
		"inline-process-browser": {
			"version": "1.0.0",
			"resolved": "https://registry.npmjs.org/inline-process-browser/-/inline-process-browser-1.0.0.tgz",
			"integrity": "sha1-RqYbFT3TybFiSxoAYm7bT39BTyI=",
			"requires": {
				"falafel": "1.2.0",
				"through2": "0.6.5"
			}
		},
		"invariant": {
			"version": "2.2.2",
			"resolved": "https://registry.npmjs.org/invariant/-/invariant-2.2.2.tgz",
			"integrity": "sha1-nh9WrArNtr8wMwbzOL47IErmA2A=",
			"requires": {
				"loose-envify": "1.3.1"
			}
		},
		"is-function": {
			"version": "1.0.1",
			"resolved": "https://registry.npmjs.org/is-function/-/is-function-1.0.1.tgz",
			"integrity": "sha1-Es+5i2W1fdPRk6MSH19uL0N2ArU="
		},
		"is-in-browser": {
			"version": "1.1.3",
			"resolved": "https://registry.npmjs.org/is-in-browser/-/is-in-browser-1.1.3.tgz",
			"integrity": "sha1-Vv9NtoOgeMYILrldrX3GLh0E+DU="
		},
		"is-plain-object": {
			"version": "2.0.4",
			"resolved": "https://registry.npmjs.org/is-plain-object/-/is-plain-object-2.0.4.tgz",
			"integrity": "sha512-h5PpgXkWitc38BBMYawTYMWJHFZJVnBquFE57xFpjB8pJFiF6gZ+bU+WyI/yqXiFR5mdLsgYNaPe8uao6Uv9Og==",
			"requires": {
				"isobject": "3.0.1"
			}
		},
		"is-promise": {
			"version": "2.1.0",
			"resolved": "https://registry.npmjs.org/is-promise/-/is-promise-2.1.0.tgz",
			"integrity": "sha1-eaKp7OfwlugPNtKy87wWwf9L8/o="
		},
		"is-stream": {
			"version": "1.1.0",
			"resolved": "https://registry.npmjs.org/is-stream/-/is-stream-1.1.0.tgz",
			"integrity": "sha1-EtSj3U5o4Lec6428hBc66A2RykQ="
		},
		"isarray": {
			"version": "0.0.1",
			"resolved": "https://registry.npmjs.org/isarray/-/isarray-0.0.1.tgz",
			"integrity": "sha1-ihis/Kmo9Bd+Cav8YDiTmwXR7t8="
		},
		"isobject": {
			"version": "3.0.1",
			"resolved": "https://registry.npmjs.org/isobject/-/isobject-3.0.1.tgz",
			"integrity": "sha1-TkMekrEalzFjaqH5yNHMvP2reN8="
		},
		"isomorphic-fetch": {
			"version": "2.2.1",
			"resolved": "https://registry.npmjs.org/isomorphic-fetch/-/isomorphic-fetch-2.2.1.tgz",
			"integrity": "sha1-YRrhrPFPXoH3KVB0coGf6XM1WKk=",
			"requires": {
				"node-fetch": "1.7.3",
				"whatwg-fetch": "2.0.3"
			}
		},
		"jquery": {
			"version": "3.2.1",
			"resolved": "https://registry.npmjs.org/jquery/-/jquery-3.2.1.tgz",
			"integrity": "sha1-XE2d5lKvbNCncBVKYxu6ErAVx4c="
		},
		"js-tokens": {
			"version": "3.0.2",
			"resolved": "https://registry.npmjs.org/js-tokens/-/js-tokens-3.0.2.tgz",
			"integrity": "sha1-mGbfOVECEw449/mWvOtlRDIJwls="
		},
		"json-stable-stringify": {
			"version": "1.0.1",
			"resolved": "https://registry.npmjs.org/json-stable-stringify/-/json-stable-stringify-1.0.1.tgz",
			"integrity": "sha1-mnWdOcXy/1A/1TAGRu1EX4jE+a8=",
			"requires": {
				"jsonify": "0.0.0"
			}
		},
		"json-stringify-safe": {
			"version": "5.0.1",
			"resolved": "https://registry.npmjs.org/json-stringify-safe/-/json-stringify-safe-5.0.1.tgz",
			"integrity": "sha1-Epai1Y/UXxmg9s4B1lcB4sc1tus="
		},
		"jsonify": {
			"version": "0.0.0",
			"resolved": "https://registry.npmjs.org/jsonify/-/jsonify-0.0.0.tgz",
			"integrity": "sha1-LHS27kHZPKUbe1qu6PUDYx0lKnM="
		},
		"jss": {
			"version": "8.1.0",
			"resolved": "https://registry.npmjs.org/jss/-/jss-8.1.0.tgz",
			"integrity": "sha512-NZ4CNAoPaPlM2rqHxPG5uGQbQEFZ9n1PITn0+wGIdAk2ZtA/F6el0SphLHf8So1Sx6N34hnVFFIuc32/hdsEzw==",
			"requires": {
				"is-in-browser": "1.1.3",
				"warning": "3.0.0"
			}
		},
		"jss-camel-case": {
			"version": "5.0.0",
			"resolved": "https://registry.npmjs.org/jss-camel-case/-/jss-camel-case-5.0.0.tgz",
			"integrity": "sha512-vz11ip5EIlGuevtlUo9xIgiuD+it4Ebbb0+Y4o0A4oA8eOWY4aY7ihi/L7WvkQ54xnGOjUvLZ6nm2VYch2ufYg=="
		},
		"jss-compose": {
			"version": "4.0.0",
			"resolved": "https://registry.npmjs.org/jss-compose/-/jss-compose-4.0.0.tgz",
			"integrity": "sha512-VnsEziD2Lwrfwp10wx39FNybRLW5+RX/E2qQAXPAMbS+nHc0Jf2dC6ZiCfn5FaBGrpzLfIZ9MalTJDx4CQoMAQ==",
			"requires": {
				"warning": "3.0.0"
			}
		},
		"jss-default-unit": {
			"version": "7.0.0",
			"resolved": "https://registry.npmjs.org/jss-default-unit/-/jss-default-unit-7.0.0.tgz",
			"integrity": "sha512-U1Oi1h45vFRuISr+g1DQ3Oua7CkNKNs47fTdiT/lHkuBMc6BBDUbPv9IbPPhk9gsEaX45Iy9TX8CAuaHLPCfEA=="
		},
		"jss-expand": {
			"version": "4.0.1",
			"resolved": "https://registry.npmjs.org/jss-expand/-/jss-expand-4.0.1.tgz",
			"integrity": "sha512-LRIMXXChAOgnhwSqYLJg8MS6dI98bf/sg52pAg04pbjOAtjfzyS0JTnQAiyk3PxqR3nKFR/Yv44ahpIpkdcxVA=="
		},
		"jss-extend": {
			"version": "5.0.0",
			"resolved": "https://registry.npmjs.org/jss-extend/-/jss-extend-5.0.0.tgz",
			"integrity": "sha512-fUp+9KipbdmzSfTxNHoT3mrFnE7fYn7EyHg3LTUexfpWrwj5Afkwb3iCfYV7GYCpg9OKDsqc18atwjHvSPWWKg==",
			"requires": {
				"warning": "3.0.0"
			}
		},
		"jss-global": {
			"version": "2.0.0",
			"resolved": "https://registry.npmjs.org/jss-global/-/jss-global-2.0.0.tgz",
			"integrity": "sha512-/FSOMp4lF/vg47T/w8kKvL9tu7ka9am8N4izS63W81Qlay9hAq6xe9RxrPxygLpnn4KEb8LNbkKRoUv4SJfQsQ=="
		},
		"jss-nested": {
			"version": "5.0.0",
			"resolved": "https://registry.npmjs.org/jss-nested/-/jss-nested-5.0.0.tgz",
			"integrity": "sha512-9Molau+XVpSc6QEco3EC5yXmzeGMc5ZVII8+qy6jD6bvu6Y9mpfGoJ00LalR/n7xr/LC7Cxgs44UQQlLzumMBg==",
			"requires": {
				"warning": "3.0.0"
			}
		},
		"jss-preset-default": {
			"version": "3.0.0",
			"resolved": "https://registry.npmjs.org/jss-preset-default/-/jss-preset-default-3.0.0.tgz",
			"integrity": "sha512-5wRsHsV89XjnQlUVN5jQfo6gcfcirDJmsMJL52HmWoQlV9SA+jhUtt1w3LjcJHe4e3tX4u/To/x3Btmhi+LZtQ==",
			"requires": {
				"jss-camel-case": "5.0.0",
				"jss-compose": "4.0.0",
				"jss-default-unit": "7.0.0",
				"jss-expand": "4.0.1",
				"jss-extend": "5.0.0",
				"jss-global": "2.0.0",
				"jss-nested": "5.0.0",
				"jss-props-sort": "5.0.0",
				"jss-vendor-prefixer": "6.0.0"
			}
		},
		"jss-props-sort": {
			"version": "5.0.0",
			"resolved": "https://registry.npmjs.org/jss-props-sort/-/jss-props-sort-5.0.0.tgz",
			"integrity": "sha512-xtoVE7BlcPaMN/dzypHPYJn+QiphLPB1skypAOp9zLkOozPbR/x0JVAFdZnd7zqmmjvg+Ma/txjSg0HN/eZsGA=="
		},
		"jss-vendor-prefixer": {
			"version": "6.0.0",
			"resolved": "https://registry.npmjs.org/jss-vendor-prefixer/-/jss-vendor-prefixer-6.0.0.tgz",
			"integrity": "sha512-leqW7B2QLXYsUNR3jsUZP3CkuOYcWXyfF8TSJc4XNxhVCNH7ztK5dcnF8nLoMnxT0w/ajloeJKcch2ty/viCAA==",
			"requires": {
				"css-vendor": "0.3.8"
			}
		},
		"jstransform": {
			"version": "3.0.0",
			"resolved": "https://registry.npmjs.org/jstransform/-/jstransform-3.0.0.tgz",
			"integrity": "sha1-olkats7o2XvzvoMNv6IxO4fNZAs=",
			"requires": {
				"base62": "0.1.1",
				"esprima-fb": "3001.1.0-dev-harmony-fb",
				"source-map": "0.1.31"
			}
		},
		"lie": {
			"version": "3.0.2",
			"resolved": "https://registry.npmjs.org/lie/-/lie-3.0.2.tgz",
			"integrity": "sha1-/9oh17uibzd8rYZdNkmy/Izjn+o=",
			"requires": {
				"es3ify": "0.1.4",
				"immediate": "3.0.6",
				"inline-process-browser": "1.0.0",
				"unreachable-branch-transform": "0.3.0"
			}
		},
		"localforage": {
			"version": "1.5.5",
			"resolved": "https://registry.npmjs.org/localforage/-/localforage-1.5.5.tgz",
			"integrity": "sha1-VfwcOoikf2f1+sbxIxsl/xNVZCM=",
			"requires": {
				"lie": "3.0.2"
			}
		},
		"lodash": {
			"version": "4.17.4",
			"resolved": "https://registry.npmjs.org/lodash/-/lodash-4.17.4.tgz",
			"integrity": "sha1-eCA6TRwyiuHYbcpkYONptX9AVa4="
		},
		"lodash-es": {
			"version": "4.17.4",
			"resolved": "https://registry.npmjs.org/lodash-es/-/lodash-es-4.17.4.tgz",
			"integrity": "sha1-3MHXVS4VCgZABzupyzHXDwMpUOc="
		},
		"lodash.isempty": {
			"version": "4.4.0",
			"resolved": "https://registry.npmjs.org/lodash.isempty/-/lodash.isempty-4.4.0.tgz",
			"integrity": "sha1-b4bL7di+TsmHvpqvM8loTbGzHn4="
		},
		"loose-envify": {
			"version": "1.3.1",
			"resolved": "https://registry.npmjs.org/loose-envify/-/loose-envify-1.3.1.tgz",
			"integrity": "sha1-0aitM/qc4OcT1l/dCsi3SNR4yEg=",
			"requires": {
				"js-tokens": "3.0.2"
			}
		},
		"moment": {
			"version": "2.20.1",
			"resolved": "https://registry.npmjs.org/moment/-/moment-2.20.1.tgz",
			"integrity": "sha512-Yh9y73JRljxW5QxN08Fner68eFLxM5ynNOAw2LbIB1YAGeQzZT8QFSUvkAz609Zf+IHhhaUxqZK8dG3W/+HEvg=="
		},
		"moment-range": {
			"version": "2.2.0",
			"resolved": "https://registry.npmjs.org/moment-range/-/moment-range-2.2.0.tgz",
			"integrity": "sha1-sCV1d4pKxQpld3k59cXXV/g/zYU="
		},
		"node-fetch": {
			"version": "1.7.3",
			"resolved": "https://registry.npmjs.org/node-fetch/-/node-fetch-1.7.3.tgz",
			"integrity": "sha512-NhZ4CsKx7cYm2vSrBAr2PvFOe6sWDf0UYLRqA6svUYg7+/TSfVAu49jYC4BvQ4Sms9SZgdqGBgroqfDhJdTyKQ==",
			"requires": {
				"encoding": "0.1.12",
				"is-stream": "1.1.0"
			}
		},
		"object-assign": {
			"version": "4.1.1",
			"resolved": "https://registry.npmjs.org/object-assign/-/object-assign-4.1.1.tgz",
			"integrity": "sha1-IQmtx5ZYh8/AXLvUQsrIv7s2CGM="
		},
		"object-keys": {
			"version": "1.0.11",
			"resolved": "https://registry.npmjs.org/object-keys/-/object-keys-1.0.11.tgz",
			"integrity": "sha1-xUYBd4rVYPEULODgG8yotW0TQm0="
		},
		"prelude-extension": {
			"version": "0.0.13",
			"resolved": "https://registry.npmjs.org/prelude-extension/-/prelude-extension-0.0.13.tgz",
			"integrity": "sha1-HT/kHLdXjY2+/IZe/d0o2IyaA6g=",
			"requires": {
				"prelude-ls": "1.1.2"
			}
		},
		"prelude-ls": {
			"version": "1.1.2",
			"resolved": "https://registry.npmjs.org/prelude-ls/-/prelude-ls-1.1.2.tgz",
			"integrity": "sha1-IZMqVJ9eUv/ZqCf1cOBL5iqX2lQ="
		},
		"private": {
			"version": "0.1.8",
			"resolved": "https://registry.npmjs.org/private/-/private-0.1.8.tgz",
			"integrity": "sha512-VvivMrbvd2nKkiG38qjULzlc+4Vx4wm/whI9pQD35YrARNnhxeiRktSOhSukRLFNlzg6Br/cJPet5J/u19r/mg=="
		},
		"promise": {
			"version": "7.3.1",
			"resolved": "https://registry.npmjs.org/promise/-/promise-7.3.1.tgz",
			"integrity": "sha512-nolQXZ/4L+bP/UGlkfaIujX9BKxGwmQ9OT4mOt5yvy8iK1h3wqTEJCijzGANTCCl9nWjY41juyAn2K3Q1hLLTg==",
			"requires": {
				"asap": "2.0.6"
			}
		},
		"prop-types": {
			"version": "15.6.0",
			"resolved": "https://registry.npmjs.org/prop-types/-/prop-types-15.6.0.tgz",
			"integrity": "sha1-zq8IMCL8RrSjX2nhPvda7Q1jmFY=",
			"requires": {
				"fbjs": "0.8.16",
				"loose-envify": "1.3.1",
				"object-assign": "4.1.1"
			}
		},
		"query-string": {
			"version": "3.0.3",
			"resolved": "https://registry.npmjs.org/query-string/-/query-string-3.0.3.tgz",
			"integrity": "sha1-ri4UtNBQcdTpuetIc8NbDc1C5jg=",
			"requires": {
				"strict-uri-encode": "1.1.0"
			}
		},
		"react": {
			"version": "15.6.2",
			"resolved": "https://registry.npmjs.org/react/-/react-15.6.2.tgz",
			"integrity": "sha1-26BDSrQ5z+gvEI8PURZjkIF5qnI=",
			"requires": {
				"create-react-class": "15.6.2",
				"fbjs": "0.8.16",
				"loose-envify": "1.3.1",
				"object-assign": "4.1.1",
				"prop-types": "15.6.0"
			}
		},
		"react-addons-pure-render-mixin": {
			"version": "15.6.2",
			"resolved": "https://registry.npmjs.org/react-addons-pure-render-mixin/-/react-addons-pure-render-mixin-15.6.2.tgz",
			"integrity": "sha1-a4P0C2s27kBzXL1hJes/E84c3ck=",
			"requires": {
				"fbjs": "0.8.16",
				"object-assign": "4.1.1"
			}
		},
		"react-addons-shallow-compare": {
			"version": "15.6.2",
			"resolved": "https://registry.npmjs.org/react-addons-shallow-compare/-/react-addons-shallow-compare-15.6.2.tgz",
			"integrity": "sha1-GYoAuR/DdiPbZKKP0XtZa6NicC8=",
			"requires": {
				"fbjs": "0.8.16",
				"object-assign": "4.1.1"
			}
		},
		"react-bootstrap-daterangepicker": {
			"version": "3.4.1",
			"resolved": "https://registry.npmjs.org/react-bootstrap-daterangepicker/-/react-bootstrap-daterangepicker-3.4.1.tgz",
			"integrity": "sha512-85t2kdC3zETSUxObV79ZO/aAQQDS1MLkuPYFwAZjljCps8MinYeXgVPHa7eOQM7YrFecaIWTLMpMG8EIe89crQ==",
			"requires": {
				"bootstrap-daterangepicker": "2.1.30",
				"object-assign": "4.1.1"
			}
		},
		"react-bootstrap-datetimepicker": {
			"version": "0.0.22",
			"resolved": "https://registry.npmjs.org/react-bootstrap-datetimepicker/-/react-bootstrap-datetimepicker-0.0.22.tgz",
			"integrity": "sha1-B+RI2ZMVfQSa0IdtD5o8nFAp2cU=",
			"requires": {
				"babel-runtime": "5.8.38",
				"classnames": "2.2.5",
				"moment": "2.20.1"
			},
			"dependencies": {
				"babel-runtime": {
					"version": "5.8.38",
					"resolved": "https://registry.npmjs.org/babel-runtime/-/babel-runtime-5.8.38.tgz",
					"integrity": "sha1-HAsC62MxL18If/IEUIJ7QlydTBk=",
					"requires": {
						"core-js": "1.2.7"
					}
				}
			}
		},
		"react-bs-notifier": {
			"version": "4.4.5",
			"resolved": "https://registry.npmjs.org/react-bs-notifier/-/react-bs-notifier-4.4.5.tgz",
			"integrity": "sha1-5e2WFFbOmsIE9tTqEDNuoq5fUAo=",
			"requires": {
				"prop-types": "15.6.0",
				"react-jss": "7.2.0",
				"react-transition-group": "2.2.1",
				"toetag": "3.3.7"
			}
		},
		"react-date-range": {
			"version": "0.2.4",
			"resolved": "https://registry.npmjs.org/react-date-range/-/react-date-range-0.2.4.tgz",
			"integrity": "sha1-4BboIGka5m4TRk4lweHXSNu8egk=",
			"requires": {
				"classnames": "2.2.5",
				"moment": "2.20.1",
				"react": "15.6.2"
			}
		},
		"react-daterange-picker": {
			"version": "1.1.0",
			"resolved": "https://registry.npmjs.org/react-daterange-picker/-/react-daterange-picker-1.1.0.tgz",
			"integrity": "sha1-55DOSmPnQFRPzGqMKSvtiIISQ7Q=",
			"requires": {
				"calendar": "0.1.0",
				"classnames": "2.2.5",
				"immutable": "3.8.2",
				"moment": "2.20.1",
				"moment-range": "2.2.0",
				"react-addons-pure-render-mixin": "15.6.2"
			}
		},
		"react-datetime": {
			"version": "2.11.1",
			"resolved": "https://registry.npmjs.org/react-datetime/-/react-datetime-2.11.1.tgz",
			"integrity": "sha512-yDZdygP/2zeq02yYnRxid8rDnlUXwCA+0WeHOScc8wZqBnxfkrDEhYJSo/lKaX+85dIU7uuBCuG5oTkl4xXAYQ==",
			"requires": {
				"create-react-class": "15.6.2",
				"object-assign": "3.0.0",
				"prop-types": "15.6.0",
				"react-onclickoutside": "6.7.0"
			},
			"dependencies": {
				"object-assign": {
					"version": "3.0.0",
					"resolved": "https://registry.npmjs.org/object-assign/-/object-assign-3.0.0.tgz",
					"integrity": "sha1-m+3VygiXlJvKR+f/QIBi1Un1h/I="
				}
			}
		},
		"react-dom": {
			"version": "15.6.2",
			"resolved": "https://registry.npmjs.org/react-dom/-/react-dom-15.6.2.tgz",
			"integrity": "sha1-Qc+t9pO3V/rycIRDodH9WgK+9zA=",
			"requires": {
				"fbjs": "0.8.16",
				"loose-envify": "1.3.1",
				"object-assign": "4.1.1",
				"prop-types": "15.6.0"
			}
		},
		"react-jss": {
			"version": "7.2.0",
			"resolved": "https://registry.npmjs.org/react-jss/-/react-jss-7.2.0.tgz",
			"integrity": "sha512-vgnNFImsjfchBloCt0BCe7MeiNEiGtTm/MGA0RVFjU/ccTt+YAlfFhSlGJ+KOC3qQ9Sl5mkl07JatGfjW2CTQQ==",
			"requires": {
				"hoist-non-react-statics": "1.2.0",
				"jss": "8.1.0",
				"jss-preset-default": "3.0.0",
				"prop-types": "15.6.0",
				"theming": "1.3.0"
			},
			"dependencies": {
				"hoist-non-react-statics": {
					"version": "1.2.0",
					"resolved": "https://registry.npmjs.org/hoist-non-react-statics/-/hoist-non-react-statics-1.2.0.tgz",
					"integrity": "sha1-qkSM8JhtVcxAdzsXF0t90GbLfPs="
				}
			}
		},
		"react-onclickoutside": {
			"version": "6.7.0",
			"resolved": "https://registry.npmjs.org/react-onclickoutside/-/react-onclickoutside-6.7.0.tgz",
			"integrity": "sha512-IBivBP7xayM7SbbVlAnKgHgoWdfCVqnNBNgQRY5x9iFQm55tFdolR02hX1fCJJtTEKnbaL1stB72/TZc6+p2+Q=="
		},
		"react-redux": {
			"version": "5.0.6",
			"resolved": "https://registry.npmjs.org/react-redux/-/react-redux-5.0.6.tgz",
			"integrity": "sha512-8taaaGu+J7PMJQDJrk/xiWEYQmdo3mkXw6wPr3K3LxvXis3Fymiq7c13S+Tpls/AyNUAsoONkU81AP0RA6y6Vw==",
			"requires": {
				"hoist-non-react-statics": "2.3.1",
				"invariant": "2.2.2",
				"lodash": "4.17.4",
				"lodash-es": "4.17.4",
				"loose-envify": "1.3.1",
				"prop-types": "15.6.0"
			}
		},
		"react-redux-loading-bar": {
			"version": "2.9.3",
			"resolved": "https://registry.npmjs.org/react-redux-loading-bar/-/react-redux-loading-bar-2.9.3.tgz",
			"integrity": "sha1-ZYZd3cv1lxaeeH7ewV7sfr+4QUk=",
			"requires": {
				"prop-types": "15.6.0"
			}
		},
		"react-router": {
			"version": "2.8.1",
			"resolved": "https://registry.npmjs.org/react-router/-/react-router-2.8.1.tgz",
			"integrity": "sha1-c+lJH2zrMW0Pd5gpCBhj43juTtc=",
			"requires": {
				"history": "2.1.2",
				"hoist-non-react-statics": "1.2.0",
				"invariant": "2.2.2",
				"loose-envify": "1.3.1",
				"warning": "3.0.0"
			},
			"dependencies": {
				"hoist-non-react-statics": {
					"version": "1.2.0",
					"resolved": "https://registry.npmjs.org/hoist-non-react-statics/-/hoist-non-react-statics-1.2.0.tgz",
					"integrity": "sha1-qkSM8JhtVcxAdzsXF0t90GbLfPs="
				}
			}
		},
		"react-selectize": {
			"version": "2.1.0",
			"resolved": "https://registry.npmjs.org/react-selectize/-/react-selectize-2.1.0.tgz",
			"integrity": "sha1-9aPHK7LTExKeVDr9O4bL+zePGRk=",
			"requires": {
				"prelude-extension": "0.0.13",
				"prelude-ls": "1.1.2",
				"tether": "1.4.3"
			}
		},
		"react-transition-group": {
			"version": "2.2.1",
			"resolved": "https://registry.npmjs.org/react-transition-group/-/react-transition-group-2.2.1.tgz",
			"integrity": "sha512-q54UBM22bs/CekG8r3+vi9TugSqh0t7qcEVycaRc9M0p0aCEu+h6rp/RFiW7fHfgd1IKpd9oILFTl5QK+FpiPA==",
			"requires": {
				"chain-function": "1.0.0",
				"classnames": "2.2.5",
				"dom-helpers": "3.3.1",
				"loose-envify": "1.3.1",
				"prop-types": "15.6.0",
				"warning": "3.0.0"
			}
		},
		"readable-stream": {
			"version": "1.0.34",
			"resolved": "https://registry.npmjs.org/readable-stream/-/readable-stream-1.0.34.tgz",
			"integrity": "sha1-Elgg40vIQtLyqq+v5MKRbuMsFXw=",
			"requires": {
				"core-util-is": "1.0.2",
				"inherits": "2.0.3",
				"isarray": "0.0.1",
				"string_decoder": "0.10.31"
			}
		},
		"recast": {
			"version": "0.10.43",
			"resolved": "https://registry.npmjs.org/recast/-/recast-0.10.43.tgz",
			"integrity": "sha1-uV1Q9tYHYaX2JS4V2AZ4FoSRzn8=",
			"requires": {
				"ast-types": "0.8.15",
				"esprima-fb": "15001.1001.0-dev-harmony-fb",
				"private": "0.1.8",
				"source-map": "0.5.7"
			},
			"dependencies": {
				"esprima-fb": {
					"version": "15001.1001.0-dev-harmony-fb",
					"resolved": "https://registry.npmjs.org/esprima-fb/-/esprima-fb-15001.1001.0-dev-harmony-fb.tgz",
					"integrity": "sha1-Q761fsJujPI3092LM+QlM1d/Jlk="
				},
				"source-map": {
					"version": "0.5.7",
					"resolved": "https://registry.npmjs.org/source-map/-/source-map-0.5.7.tgz",
					"integrity": "sha1-igOdLRAh0i0eoUyA2OpGi6LvP8w="
				}
			}
		},
		"reduce-reducers": {
			"version": "0.1.2",
			"resolved": "https://registry.npmjs.org/reduce-reducers/-/reduce-reducers-0.1.2.tgz",
			"integrity": "sha1-+htHGLxSkqcd3R5dg5yb6pdw8Us="
		},
		"redux": {
			"version": "3.7.2",
			"resolved": "https://registry.npmjs.org/redux/-/redux-3.7.2.tgz",
			"integrity": "sha512-pNqnf9q1hI5HHZRBkj3bAngGZW/JMCmexDlOxw4XagXY2o1327nHH54LoTjiPJ0gizoqPDRqWyX/00g0hD6w+A==",
			"requires": {
				"lodash": "4.17.4",
				"lodash-es": "4.17.4",
				"loose-envify": "1.3.1",
				"symbol-observable": "1.1.0"
			}
		},
		"redux-actions": {
			"version": "0.12.0",
			"resolved": "https://registry.npmjs.org/redux-actions/-/redux-actions-0.12.0.tgz",
			"integrity": "sha1-ik8BFPG94ua2HVtyBdSBgATGdGE=",
			"requires": {
				"lodash": "4.17.4",
				"reduce-reducers": "0.1.2"
			}
		},
		"redux-auth-wrapper": {
			"version": "0.9.0",
			"resolved": "https://registry.npmjs.org/redux-auth-wrapper/-/redux-auth-wrapper-0.9.0.tgz",
			"integrity": "sha1-RFanP0Tqix6ZaQYSf+/6yJC6aRM=",
			"requires": {
				"hoist-non-react-statics": "1.2.0",
				"lodash.isempty": "4.4.0"
			},
			"dependencies": {
				"hoist-non-react-statics": {
					"version": "1.2.0",
					"resolved": "https://registry.npmjs.org/hoist-non-react-statics/-/hoist-non-react-statics-1.2.0.tgz",
					"integrity": "sha1-qkSM8JhtVcxAdzsXF0t90GbLfPs="
				}
			}
		},
		"redux-devtools": {
			"version": "3.4.1",
			"resolved": "https://registry.npmjs.org/redux-devtools/-/redux-devtools-3.4.1.tgz",
			"integrity": "sha1-CdNCzgq2CHvmeelTodfFMO+hE44=",
			"requires": {
				"lodash": "4.17.4",
				"prop-types": "15.6.0",
				"redux-devtools-instrument": "1.8.2"
			}
		},
		"redux-devtools-instrument": {
			"version": "1.8.2",
			"resolved": "https://registry.npmjs.org/redux-devtools-instrument/-/redux-devtools-instrument-1.8.2.tgz",
			"integrity": "sha1-XpHP5ALnkNrj/S8NI197fYSwn/4=",
			"requires": {
				"lodash": "4.17.4",
				"symbol-observable": "1.1.0"
			}
		},
		"redux-form": {
			"version": "6.8.0",
			"resolved": "https://registry.npmjs.org/redux-form/-/redux-form-6.8.0.tgz",
			"integrity": "sha512-rISN+EERGB8nAS/LDnOSQaTf0f+QreXEq+7pRVvBFzmH5vIsYRwVpBtYA8UsibGzO+0BL1bl5L5bxdrNwxI+sA==",
			"requires": {
				"deep-equal": "1.0.1",
				"es6-error": "4.1.1",
				"hoist-non-react-statics": "1.2.0",
				"invariant": "2.2.2",
				"is-promise": "2.1.0",
				"lodash": "4.17.4",
				"lodash-es": "4.17.4",
				"prop-types": "15.6.0"
			},
			"dependencies": {
				"hoist-non-react-statics": {
					"version": "1.2.0",
					"resolved": "https://registry.npmjs.org/hoist-non-react-statics/-/hoist-non-react-statics-1.2.0.tgz",
					"integrity": "sha1-qkSM8JhtVcxAdzsXF0t90GbLfPs="
				}
			}
		},
		"redux-logger": {
			"version": "2.10.2",
			"resolved": "https://registry.npmjs.org/redux-logger/-/redux-logger-2.10.2.tgz",
			"integrity": "sha1-PFpfCm8yV3wd6t9mVfJX+CxsOTc=",
			"requires": {
				"deep-diff": "0.3.4"
			}
		},
		"redux-persist": {
			"version": "3.5.0",
			"resolved": "https://registry.npmjs.org/redux-persist/-/redux-persist-3.5.0.tgz",
			"integrity": "sha1-hL10wrF+MtSQrqcRlqgS8gE/zI4=",
			"requires": {
				"json-stringify-safe": "5.0.1",
				"lodash": "4.17.4"
			}
		},
		"redux-saga": {
			"version": "0.16.0",
			"resolved": "https://registry.npmjs.org/redux-saga/-/redux-saga-0.16.0.tgz",
			"integrity": "sha1-CiMdsKFIkwHdmA9vL4jYztQY9yQ="
		},
		"regenerator-runtime": {
			"version": "0.11.1",
			"resolved": "https://registry.npmjs.org/regenerator-runtime/-/regenerator-runtime-0.11.1.tgz",
			"integrity": "sha512-MguG95oij0fC3QV3URf4V2SDYGJhJnJGqvIIgdECeODCT98wSWDAJ94SSuVpYQUoTcGUIL6L4yNB7j1DFFHSBg=="
		},
		"setimmediate": {
			"version": "1.0.5",
			"resolved": "https://registry.npmjs.org/setimmediate/-/setimmediate-1.0.5.tgz",
			"integrity": "sha1-KQy7Iy4waULX1+qbg3Mqt4VvgoU="
		},
		"source-map": {
			"version": "0.1.31",
			"resolved": "https://registry.npmjs.org/source-map/-/source-map-0.1.31.tgz",
			"integrity": "sha1-n3BNDWnZ4TioG63267T94z0VHGE=",
			"requires": {
				"amdefine": "1.0.1"
			}
		},
		"strict-uri-encode": {
			"version": "1.1.0",
			"resolved": "https://registry.npmjs.org/strict-uri-encode/-/strict-uri-encode-1.1.0.tgz",
			"integrity": "sha1-J5siXfHVgrH1TmWt3UNS4Y+qBxM="
		},
		"string_decoder": {
			"version": "0.10.31",
			"resolved": "https://registry.npmjs.org/string_decoder/-/string_decoder-0.10.31.tgz",
			"integrity": "sha1-YuIDvEF2bGwoyfyEMB2rHFMQ+pQ="
		},
		"symbol-observable": {
			"version": "1.1.0",
			"resolved": "https://registry.npmjs.org/symbol-observable/-/symbol-observable-1.1.0.tgz",
			"integrity": "sha512-dQoid9tqQ+uotGhuTKEY11X4xhyYePVnqGSoSm3OGKh2E8LZ6RPULp1uXTctk33IeERlrRJYoVSBglsL05F5Uw=="
		},
		"tether": {
			"version": "1.4.3",
			"resolved": "https://registry.npmjs.org/tether/-/tether-1.4.3.tgz",
			"integrity": "sha512-YCfE/Ym9MpZpzUmzbek7MiLEyTofxx2YS0rJfSOUXX0aZtfQgxcgw7/Re2oGJUsREWZtEF0DzBKCjqH+DzgL6A=="
		},
		"theming": {
			"version": "1.3.0",
			"resolved": "https://registry.npmjs.org/theming/-/theming-1.3.0.tgz",
			"integrity": "sha512-ya5Ef7XDGbTPBv5ENTwrwkPUexrlPeiAg/EI9kdlUAZhNlRbCdhMKRgjNX1IcmsmiPcqDQZE6BpSaH+cr31FKw==",
			"requires": {
				"brcast": "3.0.1",
				"is-function": "1.0.1",
				"is-plain-object": "2.0.4",
				"prop-types": "15.6.0"
			}
		},
		"through": {
			"version": "2.3.8",
			"resolved": "https://registry.npmjs.org/through/-/through-2.3.8.tgz",
			"integrity": "sha1-DdTJ/6q8NXlgsbckEV1+Doai4fU="
		},
		"through2": {
			"version": "0.6.5",
			"resolved": "https://registry.npmjs.org/through2/-/through2-0.6.5.tgz",
			"integrity": "sha1-QaucZ7KdVyCQcUEOHXp6lozTrUg=",
			"requires": {
				"readable-stream": "1.0.34",
				"xtend": "4.0.1"
			}
		},
		"toetag": {
			"version": "3.3.7",
			"resolved": "https://registry.npmjs.org/toetag/-/toetag-3.3.7.tgz",
			"integrity": "sha512-O/8mKaXwH7rZdMNqLOqEPOw8hCpiI8eknS26IR6dUVZKduQHeBFnFPDhOnuyEQMj9RH+M/3mDpNRkODF3Nz7pA=="
		},
		"ua-parser-js": {
			"version": "0.7.17",
			"resolved": "https://registry.npmjs.org/ua-parser-js/-/ua-parser-js-0.7.17.tgz",
			"integrity": "sha512-uRdSdu1oA1rncCQL7sCj8vSyZkgtL7faaw9Tc9rZ3mGgraQ7+Pdx7w5mnOSF3gw9ZNG6oc+KXfkon3bKuROm0g=="
		},
		"unreachable-branch-transform": {
			"version": "0.3.0",
			"resolved": "https://registry.npmjs.org/unreachable-branch-transform/-/unreachable-branch-transform-0.3.0.tgz",
			"integrity": "sha1-2ZzExudG0mSSiEW2EdtUsPNHTKo=",
			"requires": {
				"esmangle-evaluator": "1.0.1",
				"recast": "0.10.43",
				"through2": "0.6.5"
			}
		},
		"warning": {
			"version": "3.0.0",
			"resolved": "https://registry.npmjs.org/warning/-/warning-3.0.0.tgz",
			"integrity": "sha1-MuU3fLVy3kqwR1O9+IIcAe1gW3w=",
			"requires": {
				"loose-envify": "1.3.1"
			}
		},
		"whatwg-fetch": {
			"version": "2.0.3",
			"resolved": "https://registry.npmjs.org/whatwg-fetch/-/whatwg-fetch-2.0.3.tgz",
			"integrity": "sha1-nITsLc9oGH/wC8ZOEnS0QhduHIQ="
		},
		"xadmin": {
			"version": "0.1.13",
			"resolved": "https://registry.npmjs.org/xadmin/-/xadmin-0.1.13.tgz",
			"integrity": "sha1-y5VOqPt0yYZrgUotJyLMiE5Wi0w=",
			"requires": {
				"ajv": "4.11.8",
				"ajv-i18n": "1.7.0",
				"async": "2.6.0",
				"babel-runtime": "6.26.0",
				"crypto-js": "3.1.8",
				"flatten": "1.0.2",
				"i18next": "4.2.0",
				"i18next-browser-languagedetector": "1.0.1",
				"i18next-localstorage-cache": "0.3.0",
				"i18next-xhr-backend": "1.5.1",
				"invariant": "2.2.2",
				"localforage": "1.5.5",
				"lodash": "4.17.4",
				"moment": "2.20.1",
				"react-addons-shallow-compare": "15.6.2",
				"react-bootstrap-daterangepicker": "3.4.1",
				"react-bootstrap-datetimepicker": "0.0.22",
				"react-bs-notifier": "4.4.5",
				"react-date-range": "0.2.4",
				"react-daterange-picker": "1.1.0",
				"react-datetime": "2.11.1",
				"react-redux": "4.4.8",
				"react-redux-loading-bar": "2.9.3",
				"react-router": "2.8.1",
				"react-selectize": "2.1.0",
				"redux": "3.7.2",
				"redux-actions": "0.12.0",
				"redux-auth-wrapper": "0.9.0",
				"redux-devtools": "3.4.1",
				"redux-form": "6.8.0",
				"redux-logger": "2.10.2",
				"redux-persist": "3.5.0",
				"redux-saga": "0.11.1",
				"whatwg-fetch": "1.1.1"
			},
			"dependencies": {
				"hoist-non-react-statics": {
					"version": "1.2.0",
					"resolved": "https://registry.npmjs.org/hoist-non-react-statics/-/hoist-non-react-statics-1.2.0.tgz",
					"integrity": "sha1-qkSM8JhtVcxAdzsXF0t90GbLfPs="
				},
				"react-redux": {
					"version": "4.4.8",
					"resolved": "https://registry.npmjs.org/react-redux/-/react-redux-4.4.8.tgz",
					"integrity": "sha1-57wd0QDotk6WrIIS2xEyObni4I8=",
					"requires": {
						"create-react-class": "15.6.2",
						"hoist-non-react-statics": "1.2.0",
						"invariant": "2.2.2",
						"lodash": "4.17.4",
						"loose-envify": "1.3.1",
						"prop-types": "15.6.0"
					}
				},
				"redux-saga": {
					"version": "0.11.1",
					"resolved": "https://registry.npmjs.org/redux-saga/-/redux-saga-0.11.1.tgz",
					"integrity": "sha1-3CAj0FmvC5HAsbT+vOIRlLZ9Wlg="
				},
				"whatwg-fetch": {
					"version": "1.1.1",
					"resolved": "https://registry.npmjs.org/whatwg-fetch/-/whatwg-fetch-1.1.1.tgz",
					"integrity": "sha1-rDydOfMgxtzlM5lp0FTvQ90zMxk="
				}
			}
		},
		"xtend": {
			"version": "4.0.1",
			"resolved": "https://registry.npmjs.org/xtend/-/xtend-4.0.1.tgz",
			"integrity": "sha1-pcbVMr5lbiPbgg77lDofBJmNY68="
		}
	}
}
