{
	"name": "xadmin-layout",
	"version": "1.0.15",
	"lockfileVersion": 1,
	"requires": true,
	"dependencies": {
		"@babel/runtime": {
			"version": "7.3.4",
			"resolved": "http://registry.npm.taobao.org/@babel/runtime/download/@babel/runtime-7.3.4.tgz",
			"integrity": "sha1-c9ErqBnjZfz3/RUq7VbW35fSHIM=",
			"requires": {
				"regenerator-runtime": "^0.12.0"
			}
		},
		"@react-bootstrap/react-popper": {
			"version": "1.2.1",
			"resolved": "http://registry.npm.taobao.org/@react-bootstrap/react-popper/download/@react-bootstrap/react-popper-1.2.1.tgz",
			"integrity": "sha1-Tt9IUdW03PLrayZOu+0ae3ZUF3s=",
			"requires": {
				"babel-runtime": "6.x.x",
				"create-react-context": "^0.2.1",
				"popper.js": "^1.14.4",
				"prop-types": "^15.6.1",
				"typed-styles": "^0.0.5",
				"warning": "^3.0.0"
			},
			"dependencies": {
				"warning": {
					"version": "3.0.0",
					"resolved": "http://registry.npm.taobao.org/warning/download/warning-3.0.0.tgz",
					"integrity": "sha1-MuU3fLVy3kqwR1O9+IIcAe1gW3w=",
					"requires": {
						"loose-envify": "^1.0.0"
					}
				}
			}
		},
		"asap": {
			"version": "2.0.6",
			"resolved": "http://registry.npm.taobao.org/asap/download/asap-2.0.6.tgz",
			"integrity": "sha1-5QNHYR1+aQlDIIu9r+vLwvuGbUY="
		},
		"babel-runtime": {
			"version": "6.26.0",
			"resolved": "http://registry.npm.taobao.org/babel-runtime/download/babel-runtime-6.26.0.tgz",
			"integrity": "sha1-llxwWGaOgrVde/4E/yM3vItWR/4=",
			"requires": {
				"core-js": "^2.4.0",
				"regenerator-runtime": "^0.11.0"
			},
			"dependencies": {
				"regenerator-runtime": {
					"version": "0.11.1",
					"resolved": "http://registry.npm.taobao.org/regenerator-runtime/download/regenerator-runtime-0.11.1.tgz",
					"integrity": "sha1-vgWtf5v30i4Fb5cmzuUBf78Z4uk="
				}
			}
		},
		"classnames": {
			"version": "2.2.6",
			"resolved": "http://registry.npm.taobao.org/classnames/download/classnames-2.2.6.tgz",
			"integrity": "sha1-Q5Nb/90pHzJtrQogUwmzjQD2UM4="
		},
		"core-js": {
			"version": "2.6.5",
			"resolved": "http://registry.npm.taobao.org/core-js/download/core-js-2.6.5.tgz",
			"integrity": "sha1-RLyNJJ5/sv9dAOA0Gn/7lPv2eJU="
		},
		"create-react-context": {
			"version": "0.2.3",
			"resolved": "http://registry.npm.taobao.org/create-react-context/download/create-react-context-0.2.3.tgz",
			"integrity": "sha1-nsFAppFKIu8EuLCbd3HeiVZ8tvM=",
			"requires": {
				"fbjs": "^0.8.0",
				"gud": "^1.0.0"
			}
		},
		"dom-helpers": {
			"version": "3.4.0",
			"resolved": "http://registry.npm.taobao.org/dom-helpers/download/dom-helpers-3.4.0.tgz",
			"integrity": "sha1-6bNpcA+Vn2Ls3lprq95LzNkWmvg=",
			"requires": {
				"@babel/runtime": "^7.1.2"
			}
		},
		"encoding": {
			"version": "0.1.12",
			"resolved": "http://registry.npm.taobao.org/encoding/download/encoding-0.1.12.tgz",
			"integrity": "sha1-U4tm8+5izRq1HsMjgp0flIDHS+s=",
			"requires": {
				"iconv-lite": "~0.4.13"
			}
		},
		"fbjs": {
			"version": "0.8.17",
			"resolved": "http://registry.npm.taobao.org/fbjs/download/fbjs-0.8.17.tgz",
			"integrity": "sha1-xNWY6taUkRJlPWWIsBpc3Nn5D90=",
			"requires": {
				"core-js": "^1.0.0",
				"isomorphic-fetch": "^2.1.1",
				"loose-envify": "^1.0.0",
				"object-assign": "^4.1.0",
				"promise": "^7.1.1",
				"setimmediate": "^1.0.5",
				"ua-parser-js": "^0.7.18"
			},
			"dependencies": {
				"core-js": {
					"version": "1.2.7",
					"resolved": "http://registry.npm.taobao.org/core-js/download/core-js-1.2.7.tgz",
					"integrity": "sha1-ZSKUwUZR2yj6k70tX/KYOk8IxjY="
				}
			}
		},
		"gud": {
			"version": "1.0.0",
			"resolved": "http://registry.npm.taobao.org/gud/download/gud-1.0.0.tgz",
			"integrity": "sha1-pIlYGxfmpwvsqavjrlfeekmYUsA="
		},
		"iconv-lite": {
			"version": "0.4.24",
			"resolved": "http://registry.npm.taobao.org/iconv-lite/download/iconv-lite-0.4.24.tgz",
			"integrity": "sha1-ICK0sl+93CHS9SSXSkdKr+czkIs=",
			"requires": {
				"safer-buffer": ">= 2.1.2 < 3"
			}
		},
		"invariant": {
			"version": "2.2.4",
			"resolved": "http://registry.npm.taobao.org/invariant/download/invariant-2.2.4.tgz",
			"integrity": "sha1-YQ88ksk1nOHbYW5TgAjSP/NRWOY=",
			"requires": {
				"loose-envify": "^1.0.0"
			}
		},
		"is-stream": {
			"version": "1.1.0",
			"resolved": "http://registry.npm.taobao.org/is-stream/download/is-stream-1.1.0.tgz",
			"integrity": "sha1-EtSj3U5o4Lec6428hBc66A2RykQ="
		},
		"isomorphic-fetch": {
			"version": "2.2.1",
			"resolved": "http://registry.npm.taobao.org/isomorphic-fetch/download/isomorphic-fetch-2.2.1.tgz",
			"integrity": "sha1-YRrhrPFPXoH3KVB0coGf6XM1WKk=",
			"requires": {
				"node-fetch": "^1.0.1",
				"whatwg-fetch": ">=0.10.0"
			}
		},
		"js-tokens": {
			"version": "4.0.0",
			"resolved": "http://registry.npm.taobao.org/js-tokens/download/js-tokens-4.0.0.tgz",
			"integrity": "sha1-GSA/tZmR35jjoocFDUZHzerzJJk="
		},
		"keycode": {
			"version": "2.2.0",
			"resolved": "http://registry.npm.taobao.org/keycode/download/keycode-2.2.0.tgz",
			"integrity": "sha1-PQr1bce4uOXLqNCpfxByBO7CKwQ="
		},
		"lodash": {
			"version": "4.17.11",
			"resolved": "http://registry.npm.taobao.org/lodash/download/lodash-4.17.11.tgz",
			"integrity": "sha1-s56mIp72B+zYniyN8SU2iRysm40="
		},
		"loose-envify": {
			"version": "1.4.0",
			"resolved": "http://registry.npm.taobao.org/loose-envify/download/loose-envify-1.4.0.tgz",
			"integrity": "sha1-ce5R+nvkyuwaY4OffmgtgTLTDK8=",
			"requires": {
				"js-tokens": "^3.0.0 || ^4.0.0"
			}
		},
		"node-fetch": {
			"version": "1.7.3",
			"resolved": "http://registry.npm.taobao.org/node-fetch/download/node-fetch-1.7.3.tgz",
			"integrity": "sha1-mA9vcthSEaU0fGsrwYxbhMPrR+8=",
			"requires": {
				"encoding": "^0.1.11",
				"is-stream": "^1.0.1"
			}
		},
		"object-assign": {
			"version": "4.1.1",
			"resolved": "http://registry.npm.taobao.org/object-assign/download/object-assign-4.1.1.tgz",
			"integrity": "sha1-IQmtx5ZYh8/AXLvUQsrIv7s2CGM="
		},
		"popper.js": {
			"version": "1.14.7",
			"resolved": "http://registry.npm.taobao.org/popper.js/download/popper.js-1.14.7.tgz",
			"integrity": "sha1-4x7AbPrGqXpTKAw+VeTgyGDnc44="
		},
		"promise": {
			"version": "7.3.1",
			"resolved": "http://registry.npm.taobao.org/promise/download/promise-7.3.1.tgz",
			"integrity": "sha1-BktyYCsY+Q8pGSuLG8QY/9Hr078=",
			"requires": {
				"asap": "~2.0.3"
			}
		},
		"prop-types": {
			"version": "15.7.2",
			"resolved": "http://registry.npm.taobao.org/prop-types/download/prop-types-15.7.2.tgz",
			"integrity": "sha1-UsQedbjIfnK52TYOAga5ncv/psU=",
			"requires": {
				"loose-envify": "^1.4.0",
				"object-assign": "^4.1.1",
				"react-is": "^16.8.1"
			}
		},
		"prop-types-extra": {
			"version": "1.1.0",
			"resolved": "http://registry.npm.taobao.org/prop-types-extra/download/prop-types-extra-1.1.0.tgz",
			"integrity": "sha1-MmCZEOotzxkDZrrNNJDVpkEqYF8=",
			"requires": {
				"react-is": "^16.3.2",
				"warning": "^3.0.0"
			},
			"dependencies": {
				"warning": {
					"version": "3.0.0",
					"resolved": "http://registry.npm.taobao.org/warning/download/warning-3.0.0.tgz",
					"integrity": "sha1-MuU3fLVy3kqwR1O9+IIcAe1gW3w=",
					"requires": {
						"loose-envify": "^1.0.0"
					}
				}
			}
		},
		"react-bootstrap": {
			"version": "1.0.0-beta.5",
			"resolved": "http://registry.npm.taobao.org/react-bootstrap/download/react-bootstrap-1.0.0-beta.5.tgz",
			"integrity": "sha1-zyxFp4uwYDwIbT/uO0VOIcO13m4=",
			"requires": {
				"@babel/runtime": "^7.2.0",
				"@react-bootstrap/react-popper": "1.2.1",
				"classnames": "^2.2.6",
				"dom-helpers": "^3.4.0",
				"invariant": "^2.2.3",
				"keycode": "^2.1.2",
				"popper.js": "^1.14.6",
				"prop-types": "^15.6.2",
				"prop-types-extra": "^1.1.0",
				"react-context-toolbox": "^2.0.2",
				"react-overlays": "^1.0.0",
				"react-prop-types": "^0.4.0",
				"react-transition-group": "^2.5.1",
				"uncontrollable": "^6.0.0",
				"warning": "^4.0.1"
			}
		},
		"react-context-toolbox": {
			"version": "2.0.2",
			"resolved": "http://registry.npm.taobao.org/react-context-toolbox/download/react-context-toolbox-2.0.2.tgz",
			"integrity": "sha1-NWNyh8sj+AHm7YAsK7epfh8E4/s="
		},
		"react-fontawesome": {
			"version": "1.6.1",
			"resolved": "http://registry.npm.taobao.org/react-fontawesome/download/react-fontawesome-1.6.1.tgz",
			"integrity": "sha1-7dzhfn3HMaoJ/UoYZoimF5OhbFw=",
			"requires": {
				"prop-types": "^15.5.6"
			}
		},
		"react-is": {
			"version": "16.8.4",
			"resolved": "http://registry.npm.taobao.org/react-is/download/react-is-16.8.4.tgz",
			"integrity": "sha1-kPM2pow6KaCWo9ZIq4DofsYUgqI="
		},
		"react-lifecycles-compat": {
			"version": "3.0.4",
			"resolved": "http://registry.npm.taobao.org/react-lifecycles-compat/download/react-lifecycles-compat-3.0.4.tgz",
			"integrity": "sha1-TxonOv38jzSIqMUWv9p4+HI1I2I="
		},
		"react-overlays": {
			"version": "1.2.0",
			"resolved": "http://registry.npm.taobao.org/react-overlays/download/react-overlays-1.2.0.tgz",
			"integrity": "sha1-IFNo7rCl+wt/m3F/p6EtUYUAq9s=",
			"requires": {
				"classnames": "^2.2.6",
				"dom-helpers": "^3.4.0",
				"prop-types": "^15.6.2",
				"prop-types-extra": "^1.1.0",
				"react-context-toolbox": "^2.0.2",
				"react-popper": "^1.3.2",
				"uncontrollable": "^6.0.0",
				"warning": "^4.0.2"
			}
		},
		"react-popper": {
			"version": "1.3.3",
			"resolved": "http://registry.npm.taobao.org/react-popper/download/react-popper-1.3.3.tgz",
			"integrity": "sha1-LGzvdRWpkSVrTwU2zUvctYp7avY=",
			"requires": {
				"@babel/runtime": "^7.1.2",
				"create-react-context": "<=0.2.2",
				"popper.js": "^1.14.4",
				"prop-types": "^15.6.1",
				"typed-styles": "^0.0.7",
				"warning": "^4.0.2"
			},
			"dependencies": {
				"create-react-context": {
					"version": "0.2.2",
					"resolved": "http://registry.npm.taobao.org/create-react-context/download/create-react-context-0.2.2.tgz",
					"integrity": "sha1-mDZUL5qqIoaM19Sm+CZn3zgBnco=",
					"requires": {
						"fbjs": "^0.8.0",
						"gud": "^1.0.0"
					}
				},
				"typed-styles": {
					"version": "0.0.7",
					"resolved": "http://registry.npm.taobao.org/typed-styles/download/typed-styles-0.0.7.tgz",
					"integrity": "sha1-kzkqAIeUxFlRGf9i3eaAnbxAo9k="
				}
			}
		},
		"react-prop-types": {
			"version": "0.4.0",
			"resolved": "http://registry.npm.taobao.org/react-prop-types/download/react-prop-types-0.4.0.tgz",
			"integrity": "sha1-+ZsL+0AGkpya8gUefBQUpcdbk9A=",
			"requires": {
				"warning": "^3.0.0"
			},
			"dependencies": {
				"warning": {
					"version": "3.0.0",
					"resolved": "http://registry.npm.taobao.org/warning/download/warning-3.0.0.tgz",
					"integrity": "sha1-MuU3fLVy3kqwR1O9+IIcAe1gW3w=",
					"requires": {
						"loose-envify": "^1.0.0"
					}
				}
			}
		},
		"react-transition-group": {
			"version": "2.6.0",
			"resolved": "http://registry.npm.taobao.org/react-transition-group/download/react-transition-group-2.6.0.tgz",
			"integrity": "sha1-PEHL3ZwETF+GBNTo0xnoYJGcn64=",
			"requires": {
				"dom-helpers": "^3.3.1",
				"loose-envify": "^1.4.0",
				"prop-types": "^15.6.2",
				"react-lifecycles-compat": "^3.0.4"
			}
		},
		"regenerator-runtime": {
			"version": "0.12.1",
			"resolved": "http://registry.npm.taobao.org/regenerator-runtime/download/regenerator-runtime-0.12.1.tgz",
			"integrity": "sha1-+hpxVEdkwDb4xJsToIsllMn4oN4="
		},
		"safer-buffer": {
			"version": "2.1.2",
			"resolved": "http://registry.npm.taobao.org/safer-buffer/download/safer-buffer-2.1.2.tgz",
			"integrity": "sha1-RPoWGwGHuVSd2Eu5GAL5vYOFzWo="
		},
		"setimmediate": {
			"version": "1.0.5",
			"resolved": "http://registry.npm.taobao.org/setimmediate/download/setimmediate-1.0.5.tgz",
			"integrity": "sha1-KQy7Iy4waULX1+qbg3Mqt4VvgoU="
		},
		"typed-styles": {
			"version": "0.0.5",
			"resolved": "http://registry.npm.taobao.org/typed-styles/download/typed-styles-0.0.5.tgz",
			"integrity": "sha1-pg3yRdSCqbGt+cBsB40PBghe0c8="
		},
		"ua-parser-js": {
			"version": "0.7.19",
			"resolved": "http://registry.npm.taobao.org/ua-parser-js/download/ua-parser-js-0.7.19.tgz",
			"integrity": "sha1-lBUb5MCn+x0AGvcCL9rKRkJlnks="
		},
		"uncontrollable": {
			"version": "6.1.0",
			"resolved": "http://registry.npm.taobao.org/uncontrollable/download/uncontrollable-6.1.0.tgz",
			"integrity": "sha1-Rdz1S3a/B+Dd98Gmacr5NdLhAdU=",
			"requires": {
				"invariant": "^2.2.4"
			}
		},
		"warning": {
			"version": "4.0.3",
			"resolved": "http://registry.npm.taobao.org/warning/download/warning-4.0.3.tgz",
			"integrity": "sha1-Fungd+uKhtavfWSqHgX9hbRnjKM=",
			"requires": {
				"loose-envify": "^1.0.0"
			}
		},
		"whatwg-fetch": {
			"version": "3.0.0",
			"resolved": "http://registry.npm.taobao.org/whatwg-fetch/download/whatwg-fetch-3.0.0.tgz",
			"integrity": "sha1-/IBORYzEYACbGiuWa8iBfSV4rvs="
		}
	}
}
